// !$*UTF8*$!
{
	archiveVersion = 1;
	classes = {
	};
	objectVersion = 52;
	objects = {

/* Begin PBXBuildFile section */
		440824D22689F4EE00EA7EEE /* CropperView.swift in Sources */ = {isa = PBXBuildFile; fileRef = 440824D12689F4EE00EA7EEE /* CropperView.swift */; };
		440824FC268E178E00EA7EEE /* NLPSample.swift in Sources */ = {isa = PBXBuildFile; fileRef = 440824FB268E178E00EA7EEE /* NLPSample.swift */; };
		4416417126F5B668007D19FC /* Localizable.strings in Resources */ = {isa = PBXBuildFile; fileRef = 4416417326F5B668007D19FC /* Localizable.strings */; };
		442126BD271877A400CEF786 /* gene.dictionary.zip in Resources */ = {isa = PBXBuildFile; fileRef = 442126BC271877A400CEF786 /* gene.dictionary.zip */; };
		442126C2271996B500CEF786 /* EditingPanel.swift in Sources */ = {isa = PBXBuildFile; fileRef = 442126C1271996B500CEF786 /* EditingPanel.swift */; };
		442126C32719A48600CEF786 /* EditingPanel.swift in Sources */ = {isa = PBXBuildFile; fileRef = 442126C1271996B500CEF786 /* EditingPanel.swift */; };
		442134CE26A6C64200963441 /* Settings.swift in Sources */ = {isa = PBXBuildFile; fileRef = 442134CD26A6C64200963441 /* Settings.swift */; };
		442134D526A9A36A00963441 /* GeneralSettingsView.swift in Sources */ = {isa = PBXBuildFile; fileRef = 442134D426A9A36A00963441 /* GeneralSettingsView.swift */; };
		442134D826AADBE800963441 /* KeyboardShortcuts in Frameworks */ = {isa = PBXBuildFile; productRef = 442134D726AADBE800963441 /* KeyboardShortcuts */; };
		442134DA26AADC3100963441 /* GlobalShortCutKey.swift in Sources */ = {isa = PBXBuildFile; fileRef = 442134D926AADC3100963441 /* GlobalShortCutKey.swift */; };
		442134DE26AAF68200963441 /* AppearanceSettingsView.swift in Sources */ = {isa = PBXBuildFile; fileRef = 442134DD26AAF68200963441 /* AppearanceSettingsView.swift */; };
		442134E026AB00B500963441 /* UserDefaultSettings.swift in Sources */ = {isa = PBXBuildFile; fileRef = 442134DF26AB00B500963441 /* UserDefaultSettings.swift */; };
		442134E326AC326100963441 /* SingleWordView.swift in Sources */ = {isa = PBXBuildFile; fileRef = 442134E226AC326100963441 /* SingleWordView.swift */; };
		442134E526AC32A700963441 /* WordsView.swift in Sources */ = {isa = PBXBuildFile; fileRef = 442134E426AC32A700963441 /* WordsView.swift */; };
		442134EB26AC5A7400963441 /* Preferences in Frameworks */ = {isa = PBXBuildFile; productRef = 442134EA26AC5A7400963441 /* Preferences */; };
		442134F326AD3C4B00963441 /* VisualEffectView.swift in Sources */ = {isa = PBXBuildFile; fileRef = 442134F226AD3C4B00963441 /* VisualEffectView.swift */; };
		442E94DC26B2AA2E00B71FFA /* ToastView.swift in Sources */ = {isa = PBXBuildFile; fileRef = 442E94DB26B2AA2E00B71FFA /* ToastView.swift */; };
		44408CA727159F7D00866BB9 /* EntryUpsertView.swift in Sources */ = {isa = PBXBuildFile; fileRef = 44CAC50C2714641600EAFA74 /* EntryUpsertView.swift */; };
		44408CA827159F7D00866BB9 /* PhraseInsertView.swift in Sources */ = {isa = PBXBuildFile; fileRef = 44CAC50827145B2700EAFA74 /* PhraseInsertView.swift */; };
		44408CA927159F7D00866BB9 /* OnboardingView.swift in Sources */ = {isa = PBXBuildFile; fileRef = 446B24E626F1F0C400F1301D /* OnboardingView.swift */; };
		44408CAA27159F7D00866BB9 /* EnglishSettingsView.swift in Sources */ = {isa = PBXBuildFile; fileRef = 44FEB724270AE3C100701E5D /* EnglishSettingsView.swift */; };
		44408CAB27159F7D00866BB9 /* CCDelegate.swift in Sources */ = {isa = PBXBuildFile; fileRef = 44A2194226D6535600706A59 /* CCDelegate.swift */; };
		44408CAC27159F7D00866BB9 /* PortraitWordsView.swift in Sources */ = {isa = PBXBuildFile; fileRef = 444AACD426B0417D00791FC2 /* PortraitWordsView.swift */; };
		44408CAD27159F7D00866BB9 /* NoisesView.swift in Sources */ = {isa = PBXBuildFile; fileRef = 445355632705C4F4007DB9C2 /* NoisesView.swift */; };
		44408CAE27159F7D00866BB9 /* PreferencesWindow.swift in Sources */ = {isa = PBXBuildFile; fileRef = 4453555F27042A0B007DB9C2 /* PreferencesWindow.swift */; };
		44408CAF27159F7D00866BB9 /* KnownPersistence.swift in Sources */ = {isa = PBXBuildFile; fileRef = 4453554A27020CA0007DB9C2 /* KnownPersistence.swift */; };
		44408CB027159F7D00866BB9 /* ContentView.swift in Sources */ = {isa = PBXBuildFile; fileRef = 44FC7009266DEFF80025676B /* ContentView.swift */; };
		44408CB127159F7D00866BB9 /* PhrasesView.swift in Sources */ = {isa = PBXBuildFile; fileRef = 44C207B92701A8E300419F63 /* PhrasesView.swift */; };
		44408CB227159F7D00866BB9 /* TRCallBack.swift in Sources */ = {isa = PBXBuildFile; fileRef = 445355672705CF12007DB9C2 /* TRCallBack.swift */; };
		44408CB327159F7D00866BB9 /* SlotsSettingsView.swift in Sources */ = {isa = PBXBuildFile; fileRef = 447F9B5426BD0451009C572F /* SlotsSettingsView.swift */; };
		44408CB427159F7D00866BB9 /* ToastWindow.swift in Sources */ = {isa = PBXBuildFile; fileRef = 447915A026B7DAAB002E9F8C /* ToastWindow.swift */; };
		44408CB527159F7D00866BB9 /* LandscapeWordsView.swift in Sources */ = {isa = PBXBuildFile; fileRef = 444AACD626B041BF00791FC2 /* LandscapeWordsView.swift */; };
		44408CB627159F7D00866BB9 /* Settings.swift in Sources */ = {isa = PBXBuildFile; fileRef = 442134CD26A6C64200963441 /* Settings.swift */; };
		44408CB727159F7D00866BB9 /* EntriesPersistence.swift in Sources */ = {isa = PBXBuildFile; fileRef = 4453554827020B7D007DB9C2 /* EntriesPersistence.swift */; };
		44408CB827159F7D00866BB9 /* VisionSettingsView.swift in Sources */ = {isa = PBXBuildFile; fileRef = 44FEB720270ACF5500701E5D /* VisionSettingsView.swift */; };
		44408CB927159F7D00866BB9 /* WordsView.swift in Sources */ = {isa = PBXBuildFile; fileRef = 442134E426AC32A700963441 /* WordsView.swift */; };
		44408CBA27159F7D00866BB9 /* PhraseInsertPanel.swift in Sources */ = {isa = PBXBuildFile; fileRef = 44CAC506271459F700EAFA74 /* PhraseInsertPanel.swift */; };
		44408CBB27159F7D00866BB9 /* OnboardingPanel.swift in Sources */ = {isa = PBXBuildFile; fileRef = 4453555D270428CF007DB9C2 /* OnboardingPanel.swift */; };
		44408CBC27159F7D00866BB9 /* ContentWindow.swift in Sources */ = {isa = PBXBuildFile; fileRef = 44FBE4682674EBCE002A7599 /* ContentWindow.swift */; };
		44408CBD27159F7D00866BB9 /* Utilities.swift in Sources */ = {isa = PBXBuildFile; fileRef = 44BCEC572684BADD002D3D8C /* Utilities.swift */; };
		44408CBE27159F7D00866BB9 /* NLPSample.swift in Sources */ = {isa = PBXBuildFile; fileRef = 440824FB268E178E00EA7EEE /* NLPSample.swift */; };
		44408CBF27159F7D00866BB9 /* EntryUpsertPanel.swift in Sources */ = {isa = PBXBuildFile; fileRef = 44CAC50A2714635E00EAFA74 /* EntryUpsertPanel.swift */; };
		44408CC027159F7D00866BB9 /* StatusData.swift in Sources */ = {isa = PBXBuildFile; fileRef = 447D0F7E26564D96004A7173 /* StatusData.swift */; };
		44408CC127159F7D00866BB9 /* CropperView.swift in Sources */ = {isa = PBXBuildFile; fileRef = 440824D12689F4EE00EA7EEE /* CropperView.swift */; };
		44408CC227159F7D00866BB9 /* PhrasesPersistence.swift in Sources */ = {isa = PBXBuildFile; fileRef = 445355422701E45F007DB9C2 /* PhrasesPersistence.swift */; };
		44408CC327159F7D00866BB9 /* GBig.swift in Sources */ = {isa = PBXBuildFile; fileRef = 44C0F24A270775AF006CFEFC /* GBig.swift */; };
		44408CC427159F7D00866BB9 /* UserDefaultSettings.swift in Sources */ = {isa = PBXBuildFile; fileRef = 442134DF26AB00B500963441 /* UserDefaultSettings.swift */; };
		44408CC527159F7D00866BB9 /* SlotsPersistence.swift in Sources */ = {isa = PBXBuildFile; fileRef = 4453554627020B32007DB9C2 /* SlotsPersistence.swift */; };
		44408CC627159F7D00866BB9 /* DictInstallView.swift in Sources */ = {isa = PBXBuildFile; fileRef = 44CA55F5270C73D4007D4053 /* DictInstallView.swift */; };
		44408CC727159F7D00866BB9 /* RecordingSettingsView.swift in Sources */ = {isa = PBXBuildFile; fileRef = 44FEB722270AD70500701E5D /* RecordingSettingsView.swift */; };
		44408CC827159F7D00866BB9 /* CustomEnvironmentKey.swift in Sources */ = {isa = PBXBuildFile; fileRef = 4495FE7D266C8C7100EFC721 /* CustomEnvironmentKey.swift */; };
		44408CC927159F7D00866BB9 /* Menus.swift in Sources */ = {isa = PBXBuildFile; fileRef = 4453555327042478007DB9C2 /* Menus.swift */; };
		44408CCA27159F7D00866BB9 /* GeneralSettingsView.swift in Sources */ = {isa = PBXBuildFile; fileRef = 442134D426A9A36A00963441 /* GeneralSettingsView.swift */; };
		44408CCB27159F7D00866BB9 /* SingleWordView.swift in Sources */ = {isa = PBXBuildFile; fileRef = 442134E226AC326100963441 /* SingleWordView.swift */; };
		44408CCC27159F7D00866BB9 /* ContentSettingsView.swift in Sources */ = {isa = PBXBuildFile; fileRef = 44FEB71E270ACC5600701E5D /* ContentSettingsView.swift */; };
		44408CCD27159F7D00866BB9 /* AppearanceSettingsView.swift in Sources */ = {isa = PBXBuildFile; fileRef = 442134DD26AAF68200963441 /* AppearanceSettingsView.swift */; };
		44408CCE27159F7D00866BB9 /* AppDelegate.swift in Sources */ = {isa = PBXBuildFile; fileRef = 4440EE43262EDCA3007FF470 /* AppDelegate.swift */; };
		44408CCF27159F7D00866BB9 /* NoisesPersistence.swift in Sources */ = {isa = PBXBuildFile; fileRef = 445355612705C0CF007DB9C2 /* NoisesPersistence.swift */; };
		44408CD027159F7D00866BB9 /* DictionaryService.swift in Sources */ = {isa = PBXBuildFile; fileRef = 4453554D27020DDA007DB9C2 /* DictionaryService.swift */; };
		44408CD127159F7D00866BB9 /* app.xcdatamodeld in Sources */ = {isa = PBXBuildFile; fileRef = 447D0F7226550D02004A7173 /* app.xcdatamodeld */; };
		44408CD227159F7D00866BB9 /* CropperWindow.swift in Sources */ = {isa = PBXBuildFile; fileRef = 44FBE46A2674ED28002A7599 /* CropperWindow.swift */; };
		44408CD327159F7D00866BB9 /* ToastView.swift in Sources */ = {isa = PBXBuildFile; fileRef = 442E94DB26B2AA2E00B71FFA /* ToastView.swift */; };
		44408CD427159F7D00866BB9 /* DisplayedWords.swift in Sources */ = {isa = PBXBuildFile; fileRef = 44BCEBD326838AC2002D3D8C /* DisplayedWords.swift */; };
		44408CD527159F7D00866BB9 /* EntriesView.swift in Sources */ = {isa = PBXBuildFile; fileRef = 44C31D6C26FE035800ED6E08 /* EntriesView.swift */; };
		44408CD627159F7D00866BB9 /* KnownView.swift in Sources */ = {isa = PBXBuildFile; fileRef = 44BCEC5526842086002D3D8C /* KnownView.swift */; };
		44408CD727159F7D00866BB9 /* PersistenceStack.swift in Sources */ = {isa = PBXBuildFile; fileRef = 445354C52701D5F2007DB9C2 /* PersistenceStack.swift */; };
		44408CD827159F7D00866BB9 /* GlobalShortCutKey.swift in Sources */ = {isa = PBXBuildFile; fileRef = 442134D926AADC3100963441 /* GlobalShortCutKey.swift */; };
		44408CD927159F7D00866BB9 /* VisualEffectView.swift in Sources */ = {isa = PBXBuildFile; fileRef = 442134F226AD3C4B00963441 /* VisualEffectView.swift */; };
		44408CDA27159F7D00866BB9 /* AVSessionAndTR.swift in Sources */ = {isa = PBXBuildFile; fileRef = 4479E35526A1852000764D53 /* AVSessionAndTR.swift */; };
		44408CDC27159F7D00866BB9 /* DataBases in Frameworks */ = {isa = PBXBuildFile; productRef = 44408CA127159F7D00866BB9 /* DataBases */; };
		44408CDD27159F7D00866BB9 /* Preferences in Frameworks */ = {isa = PBXBuildFile; productRef = 44408CA427159F7D00866BB9 /* Preferences */; };
		44408CDE27159F7D00866BB9 /* KeyboardShortcuts in Frameworks */ = {isa = PBXBuildFile; productRef = 44408CA227159F7D00866BB9 /* KeyboardShortcuts */; };
		44408CE027159F7D00866BB9 /* Main.storyboard in Resources */ = {isa = PBXBuildFile; fileRef = 4440EE4C262EDCA4007FF470 /* Main.storyboard */; };
		44408CE227159F7D00866BB9 /* Localizable.strings in Resources */ = {isa = PBXBuildFile; fileRef = 4416417326F5B668007D19FC /* Localizable.strings */; };
		44408CE327159F7D00866BB9 /* Preview Assets.xcassets in Resources */ = {isa = PBXBuildFile; fileRef = 4440EE4A262EDCA4007FF470 /* Preview Assets.xcassets */; };
		44408CE427159F7D00866BB9 /* Assets.xcassets in Resources */ = {isa = PBXBuildFile; fileRef = 4440EE47262EDCA4007FF470 /* Assets.xcassets */; };
		44408CEB27159F9500866BB9 /* Babylon_English_Japanese.dictionary.zip in Resources */ = {isa = PBXBuildFile; fileRef = 44408CEA27159F9500866BB9 /* Babylon_English_Japanese.dictionary.zip */; };
		4440EE44262EDCA3007FF470 /* AppDelegate.swift in Sources */ = {isa = PBXBuildFile; fileRef = 4440EE43262EDCA3007FF470 /* AppDelegate.swift */; };
		4440EE48262EDCA4007FF470 /* Assets.xcassets in Resources */ = {isa = PBXBuildFile; fileRef = 4440EE47262EDCA4007FF470 /* Assets.xcassets */; };
		4440EE4B262EDCA4007FF470 /* Preview Assets.xcassets in Resources */ = {isa = PBXBuildFile; fileRef = 4440EE4A262EDCA4007FF470 /* Preview Assets.xcassets */; };
		4440EE4E262EDCA4007FF470 /* Main.storyboard in Resources */ = {isa = PBXBuildFile; fileRef = 4440EE4C262EDCA4007FF470 /* Main.storyboard */; };
		444AACD526B0417D00791FC2 /* PortraitWordsView.swift in Sources */ = {isa = PBXBuildFile; fileRef = 444AACD426B0417D00791FC2 /* PortraitWordsView.swift */; };
		444AACD726B041BF00791FC2 /* LandscapeWordsView.swift in Sources */ = {isa = PBXBuildFile; fileRef = 444AACD626B041BF00791FC2 /* LandscapeWordsView.swift */; };
		445354C62701D5F2007DB9C2 /* PersistenceStack.swift in Sources */ = {isa = PBXBuildFile; fileRef = 445354C52701D5F2007DB9C2 /* PersistenceStack.swift */; };
		445355432701E45F007DB9C2 /* PhrasesPersistence.swift in Sources */ = {isa = PBXBuildFile; fileRef = 445355422701E45F007DB9C2 /* PhrasesPersistence.swift */; };
		4453554727020B32007DB9C2 /* SlotsPersistence.swift in Sources */ = {isa = PBXBuildFile; fileRef = 4453554627020B32007DB9C2 /* SlotsPersistence.swift */; };
		4453554927020B7D007DB9C2 /* EntriesPersistence.swift in Sources */ = {isa = PBXBuildFile; fileRef = 4453554827020B7D007DB9C2 /* EntriesPersistence.swift */; };
		4453554B27020CA0007DB9C2 /* KnownPersistence.swift in Sources */ = {isa = PBXBuildFile; fileRef = 4453554A27020CA0007DB9C2 /* KnownPersistence.swift */; };
		4453554E27020DDA007DB9C2 /* DictionaryService.swift in Sources */ = {isa = PBXBuildFile; fileRef = 4453554D27020DDA007DB9C2 /* DictionaryService.swift */; };
		4453555427042478007DB9C2 /* Menus.swift in Sources */ = {isa = PBXBuildFile; fileRef = 4453555327042478007DB9C2 /* Menus.swift */; };
		4453555E270428CF007DB9C2 /* OnboardingPanel.swift in Sources */ = {isa = PBXBuildFile; fileRef = 4453555D270428CF007DB9C2 /* OnboardingPanel.swift */; };
		4453556027042A0B007DB9C2 /* PreferencesWindow.swift in Sources */ = {isa = PBXBuildFile; fileRef = 4453555F27042A0B007DB9C2 /* PreferencesWindow.swift */; };
		445355622705C0CF007DB9C2 /* NoisesPersistence.swift in Sources */ = {isa = PBXBuildFile; fileRef = 445355612705C0CF007DB9C2 /* NoisesPersistence.swift */; };
		445355642705C4F4007DB9C2 /* NoisesView.swift in Sources */ = {isa = PBXBuildFile; fileRef = 445355632705C4F4007DB9C2 /* NoisesView.swift */; };
		445355682705CF12007DB9C2 /* TRCallBack.swift in Sources */ = {isa = PBXBuildFile; fileRef = 445355672705CF12007DB9C2 /* TRCallBack.swift */; };
		446B24E726F1F0C400F1301D /* OnboardingView.swift in Sources */ = {isa = PBXBuildFile; fileRef = 446B24E626F1F0C400F1301D /* OnboardingView.swift */; };
		447915A126B7DAAB002E9F8C /* ToastWindow.swift in Sources */ = {isa = PBXBuildFile; fileRef = 447915A026B7DAAB002E9F8C /* ToastWindow.swift */; };
		4479E35626A1852000764D53 /* AVSessionAndTR.swift in Sources */ = {isa = PBXBuildFile; fileRef = 4479E35526A1852000764D53 /* AVSessionAndTR.swift */; };
		447D0F7426550D02004A7173 /* app.xcdatamodeld in Sources */ = {isa = PBXBuildFile; fileRef = 447D0F7226550D02004A7173 /* app.xcdatamodeld */; };
		447D0F7F26564D96004A7173 /* StatusData.swift in Sources */ = {isa = PBXBuildFile; fileRef = 447D0F7E26564D96004A7173 /* StatusData.swift */; };
		447D61A72643E5E400AB0C1A /* DataBases in Frameworks */ = {isa = PBXBuildFile; productRef = 447D61A62643E5E400AB0C1A /* DataBases */; };
		447F9B5526BD0451009C572F /* SlotsSettingsView.swift in Sources */ = {isa = PBXBuildFile; fileRef = 447F9B5426BD0451009C572F /* SlotsSettingsView.swift */; };
		4495FE7E266C8C7100EFC721 /* CustomEnvironmentKey.swift in Sources */ = {isa = PBXBuildFile; fileRef = 4495FE7D266C8C7100EFC721 /* CustomEnvironmentKey.swift */; };
		44A2194326D6535600706A59 /* CCDelegate.swift in Sources */ = {isa = PBXBuildFile; fileRef = 44A2194226D6535600706A59 /* CCDelegate.swift */; };
		44BCEBD426838AC2002D3D8C /* DisplayedWords.swift in Sources */ = {isa = PBXBuildFile; fileRef = 44BCEBD326838AC2002D3D8C /* DisplayedWords.swift */; };
		44BCEC5626842086002D3D8C /* KnownView.swift in Sources */ = {isa = PBXBuildFile; fileRef = 44BCEC5526842086002D3D8C /* KnownView.swift */; };
		44BCEC582684BADD002D3D8C /* Utilities.swift in Sources */ = {isa = PBXBuildFile; fileRef = 44BCEC572684BADD002D3D8C /* Utilities.swift */; };
		44C0F24B270775AF006CFEFC /* GBig.swift in Sources */ = {isa = PBXBuildFile; fileRef = 44C0F24A270775AF006CFEFC /* GBig.swift */; };
		44C207BA2701A8E300419F63 /* PhrasesView.swift in Sources */ = {isa = PBXBuildFile; fileRef = 44C207B92701A8E300419F63 /* PhrasesView.swift */; };
		44C31D6D26FE035800ED6E08 /* EntriesView.swift in Sources */ = {isa = PBXBuildFile; fileRef = 44C31D6C26FE035800ED6E08 /* EntriesView.swift */; };
		44CA55F6270C73D4007D4053 /* DictInstallView.swift in Sources */ = {isa = PBXBuildFile; fileRef = 44CA55F5270C73D4007D4053 /* DictInstallView.swift */; };
		44CAC507271459F700EAFA74 /* PhraseInsertPanel.swift in Sources */ = {isa = PBXBuildFile; fileRef = 44CAC506271459F700EAFA74 /* PhraseInsertPanel.swift */; };
		44CAC50927145B2700EAFA74 /* PhraseInsertView.swift in Sources */ = {isa = PBXBuildFile; fileRef = 44CAC50827145B2700EAFA74 /* PhraseInsertView.swift */; };
		44CAC50B2714635E00EAFA74 /* EntryUpsertPanel.swift in Sources */ = {isa = PBXBuildFile; fileRef = 44CAC50A2714635E00EAFA74 /* EntryUpsertPanel.swift */; };
		44CAC50D2714641600EAFA74 /* EntryUpsertView.swift in Sources */ = {isa = PBXBuildFile; fileRef = 44CAC50C2714641600EAFA74 /* EntryUpsertView.swift */; };
		44CAC5102715724700EAFA74 /* lazyworm-ec.dictionary.zip in Resources */ = {isa = PBXBuildFile; fileRef = 44CAC50F2715724700EAFA74 /* lazyworm-ec.dictionary.zip */; };
		44FBE4692674EBCE002A7599 /* ContentWindow.swift in Sources */ = {isa = PBXBuildFile; fileRef = 44FBE4682674EBCE002A7599 /* ContentWindow.swift */; };
		44FBE46B2674ED28002A7599 /* CropperWindow.swift in Sources */ = {isa = PBXBuildFile; fileRef = 44FBE46A2674ED28002A7599 /* CropperWindow.swift */; };
		44FC700A266DEFF80025676B /* ContentView.swift in Sources */ = {isa = PBXBuildFile; fileRef = 44FC7009266DEFF80025676B /* ContentView.swift */; };
		44FEB71F270ACC5600701E5D /* ContentSettingsView.swift in Sources */ = {isa = PBXBuildFile; fileRef = 44FEB71E270ACC5600701E5D /* ContentSettingsView.swift */; };
		44FEB721270ACF5500701E5D /* VisionSettingsView.swift in Sources */ = {isa = PBXBuildFile; fileRef = 44FEB720270ACF5500701E5D /* VisionSettingsView.swift */; };
		44FEB723270AD70500701E5D /* RecordingSettingsView.swift in Sources */ = {isa = PBXBuildFile; fileRef = 44FEB722270AD70500701E5D /* RecordingSettingsView.swift */; };
		44FEB725270AE3C100701E5D /* EnglishSettingsView.swift in Sources */ = {isa = PBXBuildFile; fileRef = 44FEB724270AE3C100701E5D /* EnglishSettingsView.swift */; };
/* End PBXBuildFile section */

/* Begin PBXFileReference section */
		440824D12689F4EE00EA7EEE /* CropperView.swift */ = {isa = PBXFileReference; lastKnownFileType = sourcecode.swift; path = CropperView.swift; sourceTree = "<group>"; };
		440824FB268E178E00EA7EEE /* NLPSample.swift */ = {isa = PBXFileReference; lastKnownFileType = sourcecode.swift; path = NLPSample.swift; sourceTree = "<group>"; };
		4416416D26F5B0E1007D19FC /* zh-Hans */ = {isa = PBXFileReference; lastKnownFileType = text.plist.strings; name = "zh-Hans"; path = "zh-Hans.lproj/Main.strings"; sourceTree = "<group>"; };
		4416416E26F5B0E5007D19FC /* zh-Hant */ = {isa = PBXFileReference; lastKnownFileType = text.plist.strings; name = "zh-Hant"; path = "zh-Hant.lproj/Main.strings"; sourceTree = "<group>"; };
		4416417226F5B668007D19FC /* en */ = {isa = PBXFileReference; lastKnownFileType = text.plist.strings; name = en; path = en.lproj/Localizable.strings; sourceTree = "<group>"; };
		4416417426F5B66F007D19FC /* zh-Hans */ = {isa = PBXFileReference; lastKnownFileType = text.plist.strings; name = "zh-Hans"; path = "zh-Hans.lproj/Localizable.strings"; sourceTree = "<group>"; };
		4416417526F5B672007D19FC /* zh-Hant */ = {isa = PBXFileReference; lastKnownFileType = text.plist.strings; name = "zh-Hant"; path = "zh-Hant.lproj/Localizable.strings"; sourceTree = "<group>"; };
		442126BC271877A400CEF786 /* gene.dictionary.zip */ = {isa = PBXFileReference; lastKnownFileType = archive.zip; path = gene.dictionary.zip; sourceTree = "<group>"; };
		442126C1271996B500CEF786 /* EditingPanel.swift */ = {isa = PBXFileReference; lastKnownFileType = sourcecode.swift; path = EditingPanel.swift; sourceTree = "<group>"; };
		442134CD26A6C64200963441 /* Settings.swift */ = {isa = PBXFileReference; lastKnownFileType = sourcecode.swift; path = Settings.swift; sourceTree = "<group>"; };
		442134D426A9A36A00963441 /* GeneralSettingsView.swift */ = {isa = PBXFileReference; lastKnownFileType = sourcecode.swift; path = GeneralSettingsView.swift; sourceTree = "<group>"; };
		442134D926AADC3100963441 /* GlobalShortCutKey.swift */ = {isa = PBXFileReference; lastKnownFileType = sourcecode.swift; path = GlobalShortCutKey.swift; sourceTree = "<group>"; };
		442134DD26AAF68200963441 /* AppearanceSettingsView.swift */ = {isa = PBXFileReference; lastKnownFileType = sourcecode.swift; path = AppearanceSettingsView.swift; sourceTree = "<group>"; };
		442134DF26AB00B500963441 /* UserDefaultSettings.swift */ = {isa = PBXFileReference; lastKnownFileType = sourcecode.swift; path = UserDefaultSettings.swift; sourceTree = "<group>"; };
		442134E226AC326100963441 /* SingleWordView.swift */ = {isa = PBXFileReference; lastKnownFileType = sourcecode.swift; path = SingleWordView.swift; sourceTree = "<group>"; };
		442134E426AC32A700963441 /* WordsView.swift */ = {isa = PBXFileReference; lastKnownFileType = sourcecode.swift; path = WordsView.swift; sourceTree = "<group>"; };
		442134F226AD3C4B00963441 /* VisualEffectView.swift */ = {isa = PBXFileReference; lastKnownFileType = sourcecode.swift; path = VisualEffectView.swift; sourceTree = "<group>"; };
		442E94DB26B2AA2E00B71FFA /* ToastView.swift */ = {isa = PBXFileReference; lastKnownFileType = sourcecode.swift; path = ToastView.swift; sourceTree = "<group>"; };
		44408CE827159F7D00866BB9 /* DictAssistantApp Japanese.app */ = {isa = PBXFileReference; explicitFileType = wrapper.application; includeInIndex = 0; path = "DictAssistantApp Japanese.app"; sourceTree = BUILT_PRODUCTS_DIR; };
		44408CE927159F7E00866BB9 /* DictAssistantApp copy-Info.plist */ = {isa = PBXFileReference; lastKnownFileType = text.plist.xml; name = "DictAssistantApp copy-Info.plist"; path = "/Users/gaocong/Developer/Mac/app/DictAssistantApp copy-Info.plist"; sourceTree = "<absolute>"; };
		44408CEA27159F9500866BB9 /* Babylon_English_Japanese.dictionary.zip */ = {isa = PBXFileReference; lastKnownFileType = archive.zip; path = Babylon_English_Japanese.dictionary.zip; sourceTree = "<group>"; };
		4440EE40262EDCA3007FF470 /* DictAssistantApp.app */ = {isa = PBXFileReference; explicitFileType = wrapper.application; includeInIndex = 0; path = DictAssistantApp.app; sourceTree = BUILT_PRODUCTS_DIR; };
		4440EE43262EDCA3007FF470 /* AppDelegate.swift */ = {isa = PBXFileReference; lastKnownFileType = sourcecode.swift; path = AppDelegate.swift; sourceTree = "<group>"; };
		4440EE47262EDCA4007FF470 /* Assets.xcassets */ = {isa = PBXFileReference; lastKnownFileType = folder.assetcatalog; path = Assets.xcassets; sourceTree = "<group>"; };
		4440EE4A262EDCA4007FF470 /* Preview Assets.xcassets */ = {isa = PBXFileReference; lastKnownFileType = folder.assetcatalog; path = "Preview Assets.xcassets"; sourceTree = "<group>"; };
		4440EE4D262EDCA4007FF470 /* Base */ = {isa = PBXFileReference; lastKnownFileType = file.storyboard; name = Base; path = Base.lproj/Main.storyboard; sourceTree = "<group>"; };
		4440EE4F262EDCA4007FF470 /* Info.plist */ = {isa = PBXFileReference; lastKnownFileType = text.plist.xml; path = Info.plist; sourceTree = "<group>"; };
		4440EE50262EDCA4007FF470 /* DictAssistantApp.entitlements */ = {isa = PBXFileReference; lastKnownFileType = text.plist.entitlements; path = DictAssistantApp.entitlements; sourceTree = "<group>"; };
		444AACD426B0417D00791FC2 /* PortraitWordsView.swift */ = {isa = PBXFileReference; lastKnownFileType = sourcecode.swift; path = PortraitWordsView.swift; sourceTree = "<group>"; };
		444AACD626B041BF00791FC2 /* LandscapeWordsView.swift */ = {isa = PBXFileReference; lastKnownFileType = sourcecode.swift; path = LandscapeWordsView.swift; sourceTree = "<group>"; };
		445354C52701D5F2007DB9C2 /* PersistenceStack.swift */ = {isa = PBXFileReference; lastKnownFileType = sourcecode.swift; path = PersistenceStack.swift; sourceTree = "<group>"; };
		445355422701E45F007DB9C2 /* PhrasesPersistence.swift */ = {isa = PBXFileReference; lastKnownFileType = sourcecode.swift; path = PhrasesPersistence.swift; sourceTree = "<group>"; };
		4453554627020B32007DB9C2 /* SlotsPersistence.swift */ = {isa = PBXFileReference; lastKnownFileType = sourcecode.swift; path = SlotsPersistence.swift; sourceTree = "<group>"; };
		4453554827020B7D007DB9C2 /* EntriesPersistence.swift */ = {isa = PBXFileReference; lastKnownFileType = sourcecode.swift; path = EntriesPersistence.swift; sourceTree = "<group>"; };
		4453554A27020CA0007DB9C2 /* KnownPersistence.swift */ = {isa = PBXFileReference; lastKnownFileType = sourcecode.swift; path = KnownPersistence.swift; sourceTree = "<group>"; };
		4453554D27020DDA007DB9C2 /* DictionaryService.swift */ = {isa = PBXFileReference; lastKnownFileType = sourcecode.swift; path = DictionaryService.swift; sourceTree = "<group>"; };
		4453555327042478007DB9C2 /* Menus.swift */ = {isa = PBXFileReference; lastKnownFileType = sourcecode.swift; path = Menus.swift; sourceTree = "<group>"; };
		4453555D270428CF007DB9C2 /* OnboardingPanel.swift */ = {isa = PBXFileReference; lastKnownFileType = sourcecode.swift; path = OnboardingPanel.swift; sourceTree = "<group>"; };
		4453555F27042A0B007DB9C2 /* PreferencesWindow.swift */ = {isa = PBXFileReference; lastKnownFileType = sourcecode.swift; path = PreferencesWindow.swift; sourceTree = "<group>"; };
		445355612705C0CF007DB9C2 /* NoisesPersistence.swift */ = {isa = PBXFileReference; lastKnownFileType = sourcecode.swift; path = NoisesPersistence.swift; sourceTree = "<group>"; };
		445355632705C4F4007DB9C2 /* NoisesView.swift */ = {isa = PBXFileReference; lastKnownFileType = sourcecode.swift; path = NoisesView.swift; sourceTree = "<group>"; };
		445355672705CF12007DB9C2 /* TRCallBack.swift */ = {isa = PBXFileReference; lastKnownFileType = sourcecode.swift; path = TRCallBack.swift; sourceTree = "<group>"; };
		446B24E626F1F0C400F1301D /* OnboardingView.swift */ = {isa = PBXFileReference; lastKnownFileType = sourcecode.swift; path = OnboardingView.swift; sourceTree = "<group>"; };
		447915A026B7DAAB002E9F8C /* ToastWindow.swift */ = {isa = PBXFileReference; lastKnownFileType = sourcecode.swift; path = ToastWindow.swift; sourceTree = "<group>"; };
		4479E35526A1852000764D53 /* AVSessionAndTR.swift */ = {isa = PBXFileReference; lastKnownFileType = sourcecode.swift; path = AVSessionAndTR.swift; sourceTree = "<group>"; };
		447D0F7326550D02004A7173 /* Words.xcdatamodel */ = {isa = PBXFileReference; lastKnownFileType = wrapper.xcdatamodel; path = Words.xcdatamodel; sourceTree = "<group>"; };
		447D0F7E26564D96004A7173 /* StatusData.swift */ = {isa = PBXFileReference; lastKnownFileType = sourcecode.swift; path = StatusData.swift; sourceTree = "<group>"; };
		447D61A42643E5A700AB0C1A /* DataBases */ = {isa = PBXFileReference; lastKnownFileType = folder; path = DataBases; sourceTree = "<group>"; };
		447F9B5426BD0451009C572F /* SlotsSettingsView.swift */ = {isa = PBXFileReference; lastKnownFileType = sourcecode.swift; path = SlotsSettingsView.swift; sourceTree = "<group>"; };
		4495FE7D266C8C7100EFC721 /* CustomEnvironmentKey.swift */ = {isa = PBXFileReference; lastKnownFileType = sourcecode.swift; path = CustomEnvironmentKey.swift; sourceTree = "<group>"; };
		44A2194226D6535600706A59 /* CCDelegate.swift */ = {isa = PBXFileReference; lastKnownFileType = sourcecode.swift; path = CCDelegate.swift; sourceTree = "<group>"; };
		44BCEBD326838AC2002D3D8C /* DisplayedWords.swift */ = {isa = PBXFileReference; lastKnownFileType = sourcecode.swift; path = DisplayedWords.swift; sourceTree = "<group>"; };
		44BCEC5526842086002D3D8C /* KnownView.swift */ = {isa = PBXFileReference; lastKnownFileType = sourcecode.swift; path = KnownView.swift; sourceTree = "<group>"; };
		44BCEC572684BADD002D3D8C /* Utilities.swift */ = {isa = PBXFileReference; lastKnownFileType = sourcecode.swift; path = Utilities.swift; sourceTree = "<group>"; };
		44C0F24A270775AF006CFEFC /* GBig.swift */ = {isa = PBXFileReference; lastKnownFileType = sourcecode.swift; path = GBig.swift; sourceTree = "<group>"; };
		44C207B92701A8E300419F63 /* PhrasesView.swift */ = {isa = PBXFileReference; lastKnownFileType = sourcecode.swift; path = PhrasesView.swift; sourceTree = "<group>"; };
		44C31D6C26FE035800ED6E08 /* EntriesView.swift */ = {isa = PBXFileReference; lastKnownFileType = sourcecode.swift; path = EntriesView.swift; sourceTree = "<group>"; };
		44CA55F5270C73D4007D4053 /* DictInstallView.swift */ = {isa = PBXFileReference; lastKnownFileType = sourcecode.swift; path = DictInstallView.swift; sourceTree = "<group>"; };
		44CAC506271459F700EAFA74 /* PhraseInsertPanel.swift */ = {isa = PBXFileReference; lastKnownFileType = sourcecode.swift; path = PhraseInsertPanel.swift; sourceTree = "<group>"; };
		44CAC50827145B2700EAFA74 /* PhraseInsertView.swift */ = {isa = PBXFileReference; lastKnownFileType = sourcecode.swift; path = PhraseInsertView.swift; sourceTree = "<group>"; };
		44CAC50A2714635E00EAFA74 /* EntryUpsertPanel.swift */ = {isa = PBXFileReference; lastKnownFileType = sourcecode.swift; path = EntryUpsertPanel.swift; sourceTree = "<group>"; };
		44CAC50C2714641600EAFA74 /* EntryUpsertView.swift */ = {isa = PBXFileReference; lastKnownFileType = sourcecode.swift; path = EntryUpsertView.swift; sourceTree = "<group>"; };
		44CAC50F2715724700EAFA74 /* lazyworm-ec.dictionary.zip */ = {isa = PBXFileReference; lastKnownFileType = archive.zip; path = "lazyworm-ec.dictionary.zip"; sourceTree = "<group>"; };
		44FBE4682674EBCE002A7599 /* ContentWindow.swift */ = {isa = PBXFileReference; lastKnownFileType = sourcecode.swift; path = ContentWindow.swift; sourceTree = "<group>"; };
		44FBE46A2674ED28002A7599 /* CropperWindow.swift */ = {isa = PBXFileReference; lastKnownFileType = sourcecode.swift; path = CropperWindow.swift; sourceTree = "<group>"; };
		44FC7009266DEFF80025676B /* ContentView.swift */ = {isa = PBXFileReference; lastKnownFileType = sourcecode.swift; path = ContentView.swift; sourceTree = "<group>"; };
		44FEB71E270ACC5600701E5D /* ContentSettingsView.swift */ = {isa = PBXFileReference; lastKnownFileType = sourcecode.swift; path = ContentSettingsView.swift; sourceTree = "<group>"; };
		44FEB720270ACF5500701E5D /* VisionSettingsView.swift */ = {isa = PBXFileReference; lastKnownFileType = sourcecode.swift; path = VisionSettingsView.swift; sourceTree = "<group>"; };
		44FEB722270AD70500701E5D /* RecordingSettingsView.swift */ = {isa = PBXFileReference; lastKnownFileType = sourcecode.swift; path = RecordingSettingsView.swift; sourceTree = "<group>"; };
		44FEB724270AE3C100701E5D /* EnglishSettingsView.swift */ = {isa = PBXFileReference; lastKnownFileType = sourcecode.swift; path = EnglishSettingsView.swift; sourceTree = "<group>"; };
/* End PBXFileReference section */

/* Begin PBXFrameworksBuildPhase section */
		44408CDB27159F7D00866BB9 /* Frameworks */ = {
			isa = PBXFrameworksBuildPhase;
			buildActionMask = 2147483647;
			files = (
				44408CDC27159F7D00866BB9 /* DataBases in Frameworks */,
				44408CDD27159F7D00866BB9 /* Preferences in Frameworks */,
				44408CDE27159F7D00866BB9 /* KeyboardShortcuts in Frameworks */,
			);
			runOnlyForDeploymentPostprocessing = 0;
		};
		4440EE3D262EDCA3007FF470 /* Frameworks */ = {
			isa = PBXFrameworksBuildPhase;
			buildActionMask = 2147483647;
			files = (
				447D61A72643E5E400AB0C1A /* DataBases in Frameworks */,
				442134EB26AC5A7400963441 /* Preferences in Frameworks */,
				442134D826AADBE800963441 /* KeyboardShortcuts in Frameworks */,
			);
			runOnlyForDeploymentPostprocessing = 0;
		};
/* End PBXFrameworksBuildPhase section */

/* Begin PBXGroup section */
		442134D326A9A34F00963441 /* Settings */ = {
			isa = PBXGroup;
			children = (
				442134CD26A6C64200963441 /* Settings.swift */,
				442134D426A9A36A00963441 /* GeneralSettingsView.swift */,
				44FEB722270AD70500701E5D /* RecordingSettingsView.swift */,
				44FEB720270ACF5500701E5D /* VisionSettingsView.swift */,
				44CA55F7270C746B007D4053 /* English */,
				44FEB71E270ACC5600701E5D /* ContentSettingsView.swift */,
				442134DD26AAF68200963441 /* AppearanceSettingsView.swift */,
				447F9B5426BD0451009C572F /* SlotsSettingsView.swift */,
			);
			path = Settings;
			sourceTree = "<group>";
		};
		442134E126AC324100963441 /* Content */ = {
			isa = PBXGroup;
			children = (
				44FC7009266DEFF80025676B /* ContentView.swift */,
				444AACD426B0417D00791FC2 /* PortraitWordsView.swift */,
				444AACD626B041BF00791FC2 /* LandscapeWordsView.swift */,
				442134E426AC32A700963441 /* WordsView.swift */,
				442134E226AC326100963441 /* SingleWordView.swift */,
			);
			path = Content;
			sourceTree = "<group>";
		};
		4440EE37262EDCA3007FF470 = {
			isa = PBXGroup;
			children = (
				447D61A42643E5A700AB0C1A /* DataBases */,
				4440EE42262EDCA3007FF470 /* DictAssistantApp */,
				4440EE41262EDCA3007FF470 /* Products */,
				447D61A52643E5E400AB0C1A /* Frameworks */,
				44408CE927159F7E00866BB9 /* DictAssistantApp copy-Info.plist */,
			);
			sourceTree = "<group>";
		};
		4440EE41262EDCA3007FF470 /* Products */ = {
			isa = PBXGroup;
			children = (
				4440EE40262EDCA3007FF470 /* DictAssistantApp.app */,
				44408CE827159F7D00866BB9 /* DictAssistantApp Japanese.app */,
			);
			name = Products;
			sourceTree = "<group>";
		};
		4440EE42262EDCA3007FF470 /* DictAssistantApp */ = {
			isa = PBXGroup;
			children = (
				44CAC50E271571D400EAFA74 /* Resources */,
				4453554C27020DB9007DB9C2 /* Services */,
				445354C42701D5AF007DB9C2 /* CoreData */,
				447D61902643C12F00AB0C1A /* Model */,
				447D618F2643C11A00AB0C1A /* Views */,
				447D0F7226550D02004A7173 /* app.xcdatamodeld */,
				4440EE47262EDCA4007FF470 /* Assets.xcassets */,
				4440EE43262EDCA3007FF470 /* AppDelegate.swift */,
				4479E35526A1852000764D53 /* AVSessionAndTR.swift */,
				445355672705CF12007DB9C2 /* TRCallBack.swift */,
				440824FB268E178E00EA7EEE /* NLPSample.swift */,
				4453555327042478007DB9C2 /* Menus.swift */,
				4479159F26B7DA86002E9F8C /* Windows */,
				447915A426B7E781002E9F8C /* Utilities */,
				4440EE4C262EDCA4007FF470 /* Main.storyboard */,
				4440EE4F262EDCA4007FF470 /* Info.plist */,
				4440EE50262EDCA4007FF470 /* DictAssistantApp.entitlements */,
				4440EE49262EDCA4007FF470 /* Preview Content */,
				4416417326F5B668007D19FC /* Localizable.strings */,
			);
			path = DictAssistantApp;
			sourceTree = "<group>";
		};
		4440EE49262EDCA4007FF470 /* Preview Content */ = {
			isa = PBXGroup;
			children = (
				4440EE4A262EDCA4007FF470 /* Preview Assets.xcassets */,
			);
			path = "Preview Content";
			sourceTree = "<group>";
		};
		445354C32701C4E5007DB9C2 /* Utilities */ = {
			isa = PBXGroup;
			children = (
				442134F226AD3C4B00963441 /* VisualEffectView.swift */,
			);
			path = Utilities;
			sourceTree = "<group>";
		};
		445354C42701D5AF007DB9C2 /* CoreData */ = {
			isa = PBXGroup;
			children = (
				445354C52701D5F2007DB9C2 /* PersistenceStack.swift */,
				445355422701E45F007DB9C2 /* PhrasesPersistence.swift */,
				445355612705C0CF007DB9C2 /* NoisesPersistence.swift */,
				4453554A27020CA0007DB9C2 /* KnownPersistence.swift */,
				4453554827020B7D007DB9C2 /* EntriesPersistence.swift */,
				4453554627020B32007DB9C2 /* SlotsPersistence.swift */,
			);
			path = CoreData;
			sourceTree = "<group>";
		};
		4453554C27020DB9007DB9C2 /* Services */ = {
			isa = PBXGroup;
			children = (
				4453554D27020DDA007DB9C2 /* DictionaryService.swift */,
			);
			path = Services;
			sourceTree = "<group>";
		};
		4479159F26B7DA86002E9F8C /* Windows */ = {
			isa = PBXGroup;
			children = (
				4453555D270428CF007DB9C2 /* OnboardingPanel.swift */,
				44A2194226D6535600706A59 /* CCDelegate.swift */,
				44FBE4682674EBCE002A7599 /* ContentWindow.swift */,
				44FBE46A2674ED28002A7599 /* CropperWindow.swift */,
				447915A026B7DAAB002E9F8C /* ToastWindow.swift */,
				4453555F27042A0B007DB9C2 /* PreferencesWindow.swift */,
				44CAC506271459F700EAFA74 /* PhraseInsertPanel.swift */,
				44CAC50A2714635E00EAFA74 /* EntryUpsertPanel.swift */,
				442126C1271996B500CEF786 /* EditingPanel.swift */,
			);
			path = Windows;
			sourceTree = "<group>";
		};
		447915A426B7E781002E9F8C /* Utilities */ = {
			isa = PBXGroup;
			children = (
				44BCEC572684BADD002D3D8C /* Utilities.swift */,
				442134D926AADC3100963441 /* GlobalShortCutKey.swift */,
				442134DF26AB00B500963441 /* UserDefaultSettings.swift */,
				4495FE7D266C8C7100EFC721 /* CustomEnvironmentKey.swift */,
				44C0F24A270775AF006CFEFC /* GBig.swift */,
			);
			path = Utilities;
			sourceTree = "<group>";
		};
		447D618F2643C11A00AB0C1A /* Views */ = {
			isa = PBXGroup;
			children = (
				446B24E626F1F0C400F1301D /* OnboardingView.swift */,
				442E94DB26B2AA2E00B71FFA /* ToastView.swift */,
				440824D12689F4EE00EA7EEE /* CropperView.swift */,
				445354C32701C4E5007DB9C2 /* Utilities */,
				44C207BB2701A93600419F63 /* LanguageEditing */,
				442134E126AC324100963441 /* Content */,
				442134D326A9A34F00963441 /* Settings */,
			);
			path = Views;
			sourceTree = "<group>";
		};
		447D61902643C12F00AB0C1A /* Model */ = {
			isa = PBXGroup;
			children = (
				447D0F7E26564D96004A7173 /* StatusData.swift */,
				44BCEBD326838AC2002D3D8C /* DisplayedWords.swift */,
			);
			path = Model;
			sourceTree = "<group>";
		};
		447D61A52643E5E400AB0C1A /* Frameworks */ = {
			isa = PBXGroup;
			children = (
			);
			name = Frameworks;
			sourceTree = "<group>";
		};
		44C207BB2701A93600419F63 /* LanguageEditing */ = {
			isa = PBXGroup;
			children = (
				44C207B92701A8E300419F63 /* PhrasesView.swift */,
				445355632705C4F4007DB9C2 /* NoisesView.swift */,
				44BCEC5526842086002D3D8C /* KnownView.swift */,
				44C31D6C26FE035800ED6E08 /* EntriesView.swift */,
				44CAC50827145B2700EAFA74 /* PhraseInsertView.swift */,
				44CAC50C2714641600EAFA74 /* EntryUpsertView.swift */,
			);
			path = LanguageEditing;
			sourceTree = "<group>";
		};
		44CA55F7270C746B007D4053 /* English */ = {
			isa = PBXGroup;
			children = (
				44FEB724270AE3C100701E5D /* EnglishSettingsView.swift */,
				44CA55F5270C73D4007D4053 /* DictInstallView.swift */,
			);
			path = English;
			sourceTree = "<group>";
		};
		44CAC50E271571D400EAFA74 /* Resources */ = {
			isa = PBXGroup;
			children = (
				44CAC50F2715724700EAFA74 /* lazyworm-ec.dictionary.zip */,
				44408CEA27159F9500866BB9 /* Babylon_English_Japanese.dictionary.zip */,
				442126BC271877A400CEF786 /* gene.dictionary.zip */,
			);
			path = Resources;
			sourceTree = "<group>";
		};
/* End PBXGroup section */

/* Begin PBXNativeTarget section */
		44408CA027159F7D00866BB9 /* DictAssistantApp Japanese */ = {
			isa = PBXNativeTarget;
			buildConfigurationList = 44408CE527159F7D00866BB9 /* Build configuration list for PBXNativeTarget "DictAssistantApp Japanese" */;
			buildPhases = (
				44408CA627159F7D00866BB9 /* Sources */,
				44408CDB27159F7D00866BB9 /* Frameworks */,
				44408CDF27159F7D00866BB9 /* Resources */,
			);
			buildRules = (
			);
			dependencies = (
			);
			name = "DictAssistantApp Japanese";
			packageProductDependencies = (
				44408CA127159F7D00866BB9 /* DataBases */,
				44408CA227159F7D00866BB9 /* KeyboardShortcuts */,
				44408CA427159F7D00866BB9 /* Preferences */,
			);
			productName = DictAssistantApp;
			productReference = 44408CE827159F7D00866BB9 /* DictAssistantApp Japanese.app */;
			productType = "com.apple.product-type.application";
		};
		4440EE3F262EDCA3007FF470 /* DictAssistantApp */ = {
			isa = PBXNativeTarget;
			buildConfigurationList = 4440EE53262EDCA4007FF470 /* Build configuration list for PBXNativeTarget "DictAssistantApp" */;
			buildPhases = (
				4440EE3C262EDCA3007FF470 /* Sources */,
				4440EE3D262EDCA3007FF470 /* Frameworks */,
				4440EE3E262EDCA3007FF470 /* Resources */,
			);
			buildRules = (
			);
			dependencies = (
			);
			name = DictAssistantApp;
			packageProductDependencies = (
				447D61A62643E5E400AB0C1A /* DataBases */,
				442134D726AADBE800963441 /* KeyboardShortcuts */,
				442134EA26AC5A7400963441 /* Preferences */,
			);
			productName = DictAssistantApp;
			productReference = 4440EE40262EDCA3007FF470 /* DictAssistantApp.app */;
			productType = "com.apple.product-type.application";
		};
/* End PBXNativeTarget section */

/* Begin PBXProject section */
		4440EE38262EDCA3007FF470 /* Project object */ = {
			isa = PBXProject;
			attributes = {
				LastSwiftUpdateCheck = 1250;
				LastUpgradeCheck = 1250;
				TargetAttributes = {
					4440EE3F262EDCA3007FF470 = {
						CreatedOnToolsVersion = 12.4;
					};
				};
			};
			buildConfigurationList = 4440EE3B262EDCA3007FF470 /* Build configuration list for PBXProject "DictAssistantApp" */;
			compatibilityVersion = "Xcode 9.3";
			developmentRegion = en;
			hasScannedForEncodings = 0;
			knownRegions = (
				en,
				Base,
				"zh-Hans",
				"zh-Hant",
			);
			mainGroup = 4440EE37262EDCA3007FF470;
			packageReferences = (
				442134D626AADBE800963441 /* XCRemoteSwiftPackageReference "KeyboardShortcuts" */,
				442134E926AC5A7400963441 /* XCRemoteSwiftPackageReference "Preferences" */,
			);
			productRefGroup = 4440EE41262EDCA3007FF470 /* Products */;
			projectDirPath = "";
			projectRoot = "";
			targets = (
				4440EE3F262EDCA3007FF470 /* DictAssistantApp */,
				44408CA027159F7D00866BB9 /* DictAssistantApp Japanese */,
			);
		};
/* End PBXProject section */

/* Begin PBXResourcesBuildPhase section */
		44408CDF27159F7D00866BB9 /* Resources */ = {
			isa = PBXResourcesBuildPhase;
			buildActionMask = 2147483647;
			files = (
				44408CE027159F7D00866BB9 /* Main.storyboard in Resources */,
				44408CE227159F7D00866BB9 /* Localizable.strings in Resources */,
				44408CE327159F7D00866BB9 /* Preview Assets.xcassets in Resources */,
				44408CEB27159F9500866BB9 /* Babylon_English_Japanese.dictionary.zip in Resources */,
				44408CE427159F7D00866BB9 /* Assets.xcassets in Resources */,
				442126BD271877A400CEF786 /* gene.dictionary.zip in Resources */,
			);
			runOnlyForDeploymentPostprocessing = 0;
		};
		4440EE3E262EDCA3007FF470 /* Resources */ = {
			isa = PBXResourcesBuildPhase;
			buildActionMask = 2147483647;
			files = (
				4440EE4E262EDCA4007FF470 /* Main.storyboard in Resources */,
				44CAC5102715724700EAFA74 /* lazyworm-ec.dictionary.zip in Resources */,
				4416417126F5B668007D19FC /* Localizable.strings in Resources */,
				4440EE4B262EDCA4007FF470 /* Preview Assets.xcassets in Resources */,
				4440EE48262EDCA4007FF470 /* Assets.xcassets in Resources */,
			);
			runOnlyForDeploymentPostprocessing = 0;
		};
/* End PBXResourcesBuildPhase section */

/* Begin PBXSourcesBuildPhase section */
		44408CA627159F7D00866BB9 /* Sources */ = {
			isa = PBXSourcesBuildPhase;
			buildActionMask = 2147483647;
			files = (
				44408CA727159F7D00866BB9 /* EntryUpsertView.swift in Sources */,
				44408CA827159F7D00866BB9 /* PhraseInsertView.swift in Sources */,
				44408CA927159F7D00866BB9 /* OnboardingView.swift in Sources */,
				44408CAA27159F7D00866BB9 /* EnglishSettingsView.swift in Sources */,
				44408CAB27159F7D00866BB9 /* CCDelegate.swift in Sources */,
				44408CAC27159F7D00866BB9 /* PortraitWordsView.swift in Sources */,
				44408CAD27159F7D00866BB9 /* NoisesView.swift in Sources */,
				44408CAE27159F7D00866BB9 /* PreferencesWindow.swift in Sources */,
				44408CAF27159F7D00866BB9 /* KnownPersistence.swift in Sources */,
				44408CB027159F7D00866BB9 /* ContentView.swift in Sources */,
				44408CB127159F7D00866BB9 /* PhrasesView.swift in Sources */,
				44408CB227159F7D00866BB9 /* TRCallBack.swift in Sources */,
				44408CB327159F7D00866BB9 /* SlotsSettingsView.swift in Sources */,
				44408CB427159F7D00866BB9 /* ToastWindow.swift in Sources */,
				44408CB527159F7D00866BB9 /* LandscapeWordsView.swift in Sources */,
				44408CB627159F7D00866BB9 /* Settings.swift in Sources */,
				44408CB727159F7D00866BB9 /* EntriesPersistence.swift in Sources */,
				44408CB827159F7D00866BB9 /* VisionSettingsView.swift in Sources */,
				44408CB927159F7D00866BB9 /* WordsView.swift in Sources */,
				44408CBA27159F7D00866BB9 /* PhraseInsertPanel.swift in Sources */,
				44408CBB27159F7D00866BB9 /* OnboardingPanel.swift in Sources */,
				44408CBC27159F7D00866BB9 /* ContentWindow.swift in Sources */,
				44408CBD27159F7D00866BB9 /* Utilities.swift in Sources */,
				44408CBE27159F7D00866BB9 /* NLPSample.swift in Sources */,
				44408CBF27159F7D00866BB9 /* EntryUpsertPanel.swift in Sources */,
				44408CC027159F7D00866BB9 /* StatusData.swift in Sources */,
				44408CC127159F7D00866BB9 /* CropperView.swift in Sources */,
				44408CC227159F7D00866BB9 /* PhrasesPersistence.swift in Sources */,
				44408CC327159F7D00866BB9 /* GBig.swift in Sources */,
				44408CC427159F7D00866BB9 /* UserDefaultSettings.swift in Sources */,
				44408CC527159F7D00866BB9 /* SlotsPersistence.swift in Sources */,
				44408CC627159F7D00866BB9 /* DictInstallView.swift in Sources */,
				44408CC727159F7D00866BB9 /* RecordingSettingsView.swift in Sources */,
				44408CC827159F7D00866BB9 /* CustomEnvironmentKey.swift in Sources */,
				44408CC927159F7D00866BB9 /* Menus.swift in Sources */,
				44408CCA27159F7D00866BB9 /* GeneralSettingsView.swift in Sources */,
				44408CCB27159F7D00866BB9 /* SingleWordView.swift in Sources */,
				44408CCC27159F7D00866BB9 /* ContentSettingsView.swift in Sources */,
				44408CCD27159F7D00866BB9 /* AppearanceSettingsView.swift in Sources */,
				442126C32719A48600CEF786 /* EditingPanel.swift in Sources */,
				44408CCE27159F7D00866BB9 /* AppDelegate.swift in Sources */,
				44408CCF27159F7D00866BB9 /* NoisesPersistence.swift in Sources */,
				44408CD027159F7D00866BB9 /* DictionaryService.swift in Sources */,
				44408CD127159F7D00866BB9 /* app.xcdatamodeld in Sources */,
				44408CD227159F7D00866BB9 /* CropperWindow.swift in Sources */,
				44408CD327159F7D00866BB9 /* ToastView.swift in Sources */,
				44408CD427159F7D00866BB9 /* DisplayedWords.swift in Sources */,
				44408CD527159F7D00866BB9 /* EntriesView.swift in Sources */,
				44408CD627159F7D00866BB9 /* KnownView.swift in Sources */,
				44408CD727159F7D00866BB9 /* PersistenceStack.swift in Sources */,
				44408CD827159F7D00866BB9 /* GlobalShortCutKey.swift in Sources */,
				44408CD927159F7D00866BB9 /* VisualEffectView.swift in Sources */,
				44408CDA27159F7D00866BB9 /* AVSessionAndTR.swift in Sources */,
			);
			runOnlyForDeploymentPostprocessing = 0;
		};
		4440EE3C262EDCA3007FF470 /* Sources */ = {
			isa = PBXSourcesBuildPhase;
			buildActionMask = 2147483647;
			files = (
				44CAC50D2714641600EAFA74 /* EntryUpsertView.swift in Sources */,
				44CAC50927145B2700EAFA74 /* PhraseInsertView.swift in Sources */,
				446B24E726F1F0C400F1301D /* OnboardingView.swift in Sources */,
				44FEB725270AE3C100701E5D /* EnglishSettingsView.swift in Sources */,
				44A2194326D6535600706A59 /* CCDelegate.swift in Sources */,
				444AACD526B0417D00791FC2 /* PortraitWordsView.swift in Sources */,
				445355642705C4F4007DB9C2 /* NoisesView.swift in Sources */,
				4453556027042A0B007DB9C2 /* PreferencesWindow.swift in Sources */,
				4453554B27020CA0007DB9C2 /* KnownPersistence.swift in Sources */,
				44FC700A266DEFF80025676B /* ContentView.swift in Sources */,
				44C207BA2701A8E300419F63 /* PhrasesView.swift in Sources */,
				445355682705CF12007DB9C2 /* TRCallBack.swift in Sources */,
				447F9B5526BD0451009C572F /* SlotsSettingsView.swift in Sources */,
				447915A126B7DAAB002E9F8C /* ToastWindow.swift in Sources */,
				444AACD726B041BF00791FC2 /* LandscapeWordsView.swift in Sources */,
				442134CE26A6C64200963441 /* Settings.swift in Sources */,
				4453554927020B7D007DB9C2 /* EntriesPersistence.swift in Sources */,
				44FEB721270ACF5500701E5D /* VisionSettingsView.swift in Sources */,
				442134E526AC32A700963441 /* WordsView.swift in Sources */,
				44CAC507271459F700EAFA74 /* PhraseInsertPanel.swift in Sources */,
				4453555E270428CF007DB9C2 /* OnboardingPanel.swift in Sources */,
				44FBE4692674EBCE002A7599 /* ContentWindow.swift in Sources */,
				44BCEC582684BADD002D3D8C /* Utilities.swift in Sources */,
				440824FC268E178E00EA7EEE /* NLPSample.swift in Sources */,
				44CAC50B2714635E00EAFA74 /* EntryUpsertPanel.swift in Sources */,
				447D0F7F26564D96004A7173 /* StatusData.swift in Sources */,
				440824D22689F4EE00EA7EEE /* CropperView.swift in Sources */,
				445355432701E45F007DB9C2 /* PhrasesPersistence.swift in Sources */,
				44C0F24B270775AF006CFEFC /* GBig.swift in Sources */,
				442134E026AB00B500963441 /* UserDefaultSettings.swift in Sources */,
				4453554727020B32007DB9C2 /* SlotsPersistence.swift in Sources */,
				44CA55F6270C73D4007D4053 /* DictInstallView.swift in Sources */,
				44FEB723270AD70500701E5D /* RecordingSettingsView.swift in Sources */,
				4495FE7E266C8C7100EFC721 /* CustomEnvironmentKey.swift in Sources */,
				4453555427042478007DB9C2 /* Menus.swift in Sources */,
				442134D526A9A36A00963441 /* GeneralSettingsView.swift in Sources */,
				442134E326AC326100963441 /* SingleWordView.swift in Sources */,
				44FEB71F270ACC5600701E5D /* ContentSettingsView.swift in Sources */,
				442134DE26AAF68200963441 /* AppearanceSettingsView.swift in Sources */,
				442126C2271996B500CEF786 /* EditingPanel.swift in Sources */,
				4440EE44262EDCA3007FF470 /* AppDelegate.swift in Sources */,
				445355622705C0CF007DB9C2 /* NoisesPersistence.swift in Sources */,
				4453554E27020DDA007DB9C2 /* DictionaryService.swift in Sources */,
				447D0F7426550D02004A7173 /* app.xcdatamodeld in Sources */,
				44FBE46B2674ED28002A7599 /* CropperWindow.swift in Sources */,
				442E94DC26B2AA2E00B71FFA /* ToastView.swift in Sources */,
				44BCEBD426838AC2002D3D8C /* DisplayedWords.swift in Sources */,
				44C31D6D26FE035800ED6E08 /* EntriesView.swift in Sources */,
				44BCEC5626842086002D3D8C /* KnownView.swift in Sources */,
				445354C62701D5F2007DB9C2 /* PersistenceStack.swift in Sources */,
				442134DA26AADC3100963441 /* GlobalShortCutKey.swift in Sources */,
				442134F326AD3C4B00963441 /* VisualEffectView.swift in Sources */,
				4479E35626A1852000764D53 /* AVSessionAndTR.swift in Sources */,
			);
			runOnlyForDeploymentPostprocessing = 0;
		};
/* End PBXSourcesBuildPhase section */

/* Begin PBXVariantGroup section */
		4416417326F5B668007D19FC /* Localizable.strings */ = {
			isa = PBXVariantGroup;
			children = (
				4416417226F5B668007D19FC /* en */,
				4416417426F5B66F007D19FC /* zh-Hans */,
				4416417526F5B672007D19FC /* zh-Hant */,
			);
			name = Localizable.strings;
			sourceTree = "<group>";
		};
		4440EE4C262EDCA4007FF470 /* Main.storyboard */ = {
			isa = PBXVariantGroup;
			children = (
				4440EE4D262EDCA4007FF470 /* Base */,
				4416416D26F5B0E1007D19FC /* zh-Hans */,
				4416416E26F5B0E5007D19FC /* zh-Hant */,
			);
			name = Main.storyboard;
			sourceTree = "<group>";
		};
/* End PBXVariantGroup section */

/* Begin XCBuildConfiguration section */
		44408CE627159F7D00866BB9 /* Debug */ = {
			isa = XCBuildConfiguration;
			buildSettings = {
				ASSETCATALOG_COMPILER_APPICON_NAME = AppIcon;
				ASSETCATALOG_COMPILER_GLOBAL_ACCENT_COLOR_NAME = AccentColor;
				CODE_SIGN_ENTITLEMENTS = DictAssistantApp/DictAssistantApp.entitlements;
				CODE_SIGN_IDENTITY = "Apple Development";
				CODE_SIGN_STYLE = Automatic;
				COMBINE_HIDPI_IMAGES = YES;
				DEVELOPMENT_ASSET_PATHS = "\"DictAssistantApp/Preview Content\"";
				DEVELOPMENT_TEAM = T8LHNZ3EQU;
				ENABLE_HARDENED_RUNTIME = YES;
				ENABLE_PREVIEWS = YES;
				INFOPLIST_FILE = "DictAssistantApp copy-Info.plist";
				LD_RUNPATH_SEARCH_PATHS = (
					"$(inherited)",
					"@executable_path/../Frameworks",
				);
				MACOSX_DEPLOYMENT_TARGET = 11.0;
				PRODUCT_BUNDLE_IDENTIFIER = com.gaozhanting.DictAssistantApp;
				PRODUCT_NAME = "$(TARGET_NAME)";
				SWIFT_VERSION = 5.0;
			};
			name = Debug;
		};
		44408CE727159F7D00866BB9 /* Release */ = {
			isa = XCBuildConfiguration;
			buildSettings = {
				ASSETCATALOG_COMPILER_APPICON_NAME = AppIcon;
				ASSETCATALOG_COMPILER_GLOBAL_ACCENT_COLOR_NAME = AccentColor;
				CODE_SIGN_ENTITLEMENTS = DictAssistantApp/DictAssistantApp.entitlements;
				CODE_SIGN_IDENTITY = "Apple Development";
				CODE_SIGN_STYLE = Automatic;
				COMBINE_HIDPI_IMAGES = YES;
				DEVELOPMENT_ASSET_PATHS = "\"DictAssistantApp/Preview Content\"";
				DEVELOPMENT_TEAM = T8LHNZ3EQU;
				ENABLE_HARDENED_RUNTIME = YES;
				ENABLE_PREVIEWS = YES;
				INFOPLIST_FILE = "DictAssistantApp copy-Info.plist";
				LD_RUNPATH_SEARCH_PATHS = (
					"$(inherited)",
					"@executable_path/../Frameworks",
				);
				MACOSX_DEPLOYMENT_TARGET = 11.0;
				PRODUCT_BUNDLE_IDENTIFIER = com.gaozhanting.DictAssistantApp;
				PRODUCT_NAME = "$(TARGET_NAME)";
				SWIFT_VERSION = 5.0;
			};
			name = Release;
		};
		4440EE51262EDCA4007FF470 /* Debug */ = {
			isa = XCBuildConfiguration;
			buildSettings = {
				ALWAYS_SEARCH_USER_PATHS = NO;
				CLANG_ANALYZER_LOCALIZABILITY_NONLOCALIZED = YES;
				CLANG_ANALYZER_NONNULL = YES;
				CLANG_ANALYZER_NUMBER_OBJECT_CONVERSION = YES_AGGRESSIVE;
				CLANG_CXX_LANGUAGE_STANDARD = "gnu++14";
				CLANG_CXX_LIBRARY = "libc++";
				CLANG_ENABLE_MODULES = YES;
				CLANG_ENABLE_OBJC_ARC = YES;
				CLANG_ENABLE_OBJC_WEAK = YES;
				CLANG_WARN_BLOCK_CAPTURE_AUTORELEASING = YES;
				CLANG_WARN_BOOL_CONVERSION = YES;
				CLANG_WARN_COMMA = YES;
				CLANG_WARN_CONSTANT_CONVERSION = YES;
				CLANG_WARN_DEPRECATED_OBJC_IMPLEMENTATIONS = YES;
				CLANG_WARN_DIRECT_OBJC_ISA_USAGE = YES_ERROR;
				CLANG_WARN_DOCUMENTATION_COMMENTS = YES;
				CLANG_WARN_EMPTY_BODY = YES;
				CLANG_WARN_ENUM_CONVERSION = YES;
				CLANG_WARN_INFINITE_RECURSION = YES;
				CLANG_WARN_INT_CONVERSION = YES;
				CLANG_WARN_NON_LITERAL_NULL_CONVERSION = YES;
				CLANG_WARN_OBJC_IMPLICIT_RETAIN_SELF = YES;
				CLANG_WARN_OBJC_LITERAL_CONVERSION = YES;
				CLANG_WARN_OBJC_ROOT_CLASS = YES_ERROR;
				CLANG_WARN_QUOTED_INCLUDE_IN_FRAMEWORK_HEADER = YES;
				CLANG_WARN_RANGE_LOOP_ANALYSIS = YES;
				CLANG_WARN_STRICT_PROTOTYPES = YES;
				CLANG_WARN_SUSPICIOUS_MOVE = YES;
				CLANG_WARN_UNGUARDED_AVAILABILITY = YES_AGGRESSIVE;
				CLANG_WARN_UNREACHABLE_CODE = YES;
				CLANG_WARN__DUPLICATE_METHOD_MATCH = YES;
				COPY_PHASE_STRIP = NO;
				DEBUG_INFORMATION_FORMAT = dwarf;
				ENABLE_STRICT_OBJC_MSGSEND = YES;
				ENABLE_TESTABILITY = YES;
				GCC_C_LANGUAGE_STANDARD = gnu11;
				GCC_DYNAMIC_NO_PIC = NO;
				GCC_NO_COMMON_BLOCKS = YES;
				GCC_OPTIMIZATION_LEVEL = 0;
				GCC_PREPROCESSOR_DEFINITIONS = (
					"DEBUG=1",
					"$(inherited)",
				);
				GCC_WARN_64_TO_32_BIT_CONVERSION = YES;
				GCC_WARN_ABOUT_RETURN_TYPE = YES_ERROR;
				GCC_WARN_UNDECLARED_SELECTOR = YES;
				GCC_WARN_UNINITIALIZED_AUTOS = YES_AGGRESSIVE;
				GCC_WARN_UNUSED_FUNCTION = YES;
				GCC_WARN_UNUSED_VARIABLE = YES;
				MACOSX_DEPLOYMENT_TARGET = 11.1;
				MTL_ENABLE_DEBUG_INFO = INCLUDE_SOURCE;
				MTL_FAST_MATH = YES;
				ONLY_ACTIVE_ARCH = YES;
				SDKROOT = macosx;
				SWIFT_ACTIVE_COMPILATION_CONDITIONS = DEBUG;
				SWIFT_OPTIMIZATION_LEVEL = "-Onone";
			};
			name = Debug;
		};
		4440EE52262EDCA4007FF470 /* Release */ = {
			isa = XCBuildConfiguration;
			buildSettings = {
				ALWAYS_SEARCH_USER_PATHS = NO;
				CLANG_ANALYZER_LOCALIZABILITY_NONLOCALIZED = YES;
				CLANG_ANALYZER_NONNULL = YES;
				CLANG_ANALYZER_NUMBER_OBJECT_CONVERSION = YES_AGGRESSIVE;
				CLANG_CXX_LANGUAGE_STANDARD = "gnu++14";
				CLANG_CXX_LIBRARY = "libc++";
				CLANG_ENABLE_MODULES = YES;
				CLANG_ENABLE_OBJC_ARC = YES;
				CLANG_ENABLE_OBJC_WEAK = YES;
				CLANG_WARN_BLOCK_CAPTURE_AUTORELEASING = YES;
				CLANG_WARN_BOOL_CONVERSION = YES;
				CLANG_WARN_COMMA = YES;
				CLANG_WARN_CONSTANT_CONVERSION = YES;
				CLANG_WARN_DEPRECATED_OBJC_IMPLEMENTATIONS = YES;
				CLANG_WARN_DIRECT_OBJC_ISA_USAGE = YES_ERROR;
				CLANG_WARN_DOCUMENTATION_COMMENTS = YES;
				CLANG_WARN_EMPTY_BODY = YES;
				CLANG_WARN_ENUM_CONVERSION = YES;
				CLANG_WARN_INFINITE_RECURSION = YES;
				CLANG_WARN_INT_CONVERSION = YES;
				CLANG_WARN_NON_LITERAL_NULL_CONVERSION = YES;
				CLANG_WARN_OBJC_IMPLICIT_RETAIN_SELF = YES;
				CLANG_WARN_OBJC_LITERAL_CONVERSION = YES;
				CLANG_WARN_OBJC_ROOT_CLASS = YES_ERROR;
				CLANG_WARN_QUOTED_INCLUDE_IN_FRAMEWORK_HEADER = YES;
				CLANG_WARN_RANGE_LOOP_ANALYSIS = YES;
				CLANG_WARN_STRICT_PROTOTYPES = YES;
				CLANG_WARN_SUSPICIOUS_MOVE = YES;
				CLANG_WARN_UNGUARDED_AVAILABILITY = YES_AGGRESSIVE;
				CLANG_WARN_UNREACHABLE_CODE = YES;
				CLANG_WARN__DUPLICATE_METHOD_MATCH = YES;
				COPY_PHASE_STRIP = NO;
				DEBUG_INFORMATION_FORMAT = "dwarf-with-dsym";
				ENABLE_NS_ASSERTIONS = NO;
				ENABLE_STRICT_OBJC_MSGSEND = YES;
				GCC_C_LANGUAGE_STANDARD = gnu11;
				GCC_NO_COMMON_BLOCKS = YES;
				GCC_WARN_64_TO_32_BIT_CONVERSION = YES;
				GCC_WARN_ABOUT_RETURN_TYPE = YES_ERROR;
				GCC_WARN_UNDECLARED_SELECTOR = YES;
				GCC_WARN_UNINITIALIZED_AUTOS = YES_AGGRESSIVE;
				GCC_WARN_UNUSED_FUNCTION = YES;
				GCC_WARN_UNUSED_VARIABLE = YES;
				MACOSX_DEPLOYMENT_TARGET = 11.1;
				MTL_ENABLE_DEBUG_INFO = NO;
				MTL_FAST_MATH = YES;
				SDKROOT = macosx;
				SWIFT_COMPILATION_MODE = wholemodule;
				SWIFT_OPTIMIZATION_LEVEL = "-O";
			};
			name = Release;
		};
		4440EE54262EDCA4007FF470 /* Debug */ = {
			isa = XCBuildConfiguration;
			buildSettings = {
				ASSETCATALOG_COMPILER_APPICON_NAME = AppIcon;
				ASSETCATALOG_COMPILER_GLOBAL_ACCENT_COLOR_NAME = AccentColor;
				CODE_SIGN_ENTITLEMENTS = DictAssistantApp/DictAssistantApp.entitlements;
				CODE_SIGN_IDENTITY = "Apple Development";
				CODE_SIGN_STYLE = Automatic;
				COMBINE_HIDPI_IMAGES = YES;
				DEVELOPMENT_ASSET_PATHS = "\"DictAssistantApp/Preview Content\"";
				DEVELOPMENT_TEAM = T8LHNZ3EQU;
				ENABLE_HARDENED_RUNTIME = YES;
				ENABLE_PREVIEWS = YES;
				INFOPLIST_FILE = DictAssistantApp/Info.plist;
				LD_RUNPATH_SEARCH_PATHS = (
					"$(inherited)",
					"@executable_path/../Frameworks",
				);
				MACOSX_DEPLOYMENT_TARGET = 11.0;
				PRODUCT_BUNDLE_IDENTIFIER = com.gaozhanting.DictAssistantApp;
				PRODUCT_NAME = "$(TARGET_NAME)";
				SWIFT_VERSION = 5.0;
			};
			name = Debug;
		};
		4440EE55262EDCA4007FF470 /* Release */ = {
			isa = XCBuildConfiguration;
			buildSettings = {
				ASSETCATALOG_COMPILER_APPICON_NAME = AppIcon;
				ASSETCATALOG_COMPILER_GLOBAL_ACCENT_COLOR_NAME = AccentColor;
				CODE_SIGN_ENTITLEMENTS = DictAssistantApp/DictAssistantApp.entitlements;
				CODE_SIGN_IDENTITY = "Apple Development";
				CODE_SIGN_STYLE = Automatic;
				COMBINE_HIDPI_IMAGES = YES;
				DEVELOPMENT_ASSET_PATHS = "\"DictAssistantApp/Preview Content\"";
				DEVELOPMENT_TEAM = T8LHNZ3EQU;
				ENABLE_HARDENED_RUNTIME = YES;
				ENABLE_PREVIEWS = YES;
				INFOPLIST_FILE = DictAssistantApp/Info.plist;
				LD_RUNPATH_SEARCH_PATHS = (
					"$(inherited)",
					"@executable_path/../Frameworks",
				);
				MACOSX_DEPLOYMENT_TARGET = 11.0;
				PRODUCT_BUNDLE_IDENTIFIER = com.gaozhanting.DictAssistantApp;
				PRODUCT_NAME = "$(TARGET_NAME)";
				SWIFT_VERSION = 5.0;
			};
			name = Release;
		};
/* End XCBuildConfiguration section */

/* Begin XCConfigurationList section */
		44408CE527159F7D00866BB9 /* Build configuration list for PBXNativeTarget "DictAssistantApp Japanese" */ = {
			isa = XCConfigurationList;
			buildConfigurations = (
				44408CE627159F7D00866BB9 /* Debug */,
				44408CE727159F7D00866BB9 /* Release */,
			);
			defaultConfigurationIsVisible = 0;
			defaultConfigurationName = Release;
		};
		4440EE3B262EDCA3007FF470 /* Build configuration list for PBXProject "DictAssistantApp" */ = {
			isa = XCConfigurationList;
			buildConfigurations = (
				4440EE51262EDCA4007FF470 /* Debug */,
				4440EE52262EDCA4007FF470 /* Release */,
			);
			defaultConfigurationIsVisible = 0;
			defaultConfigurationName = Release;
		};
		4440EE53262EDCA4007FF470 /* Build configuration list for PBXNativeTarget "DictAssistantApp" */ = {
			isa = XCConfigurationList;
			buildConfigurations = (
				4440EE54262EDCA4007FF470 /* Debug */,
				4440EE55262EDCA4007FF470 /* Release */,
			);
			defaultConfigurationIsVisible = 0;
			defaultConfigurationName = Release;
		};
/* End XCConfigurationList section */

/* Begin XCRemoteSwiftPackageReference section */
		442134D626AADBE800963441 /* XCRemoteSwiftPackageReference "KeyboardShortcuts" */ = {
			isa = XCRemoteSwiftPackageReference;
			repositoryURL = "https://github.com/sindresorhus/KeyboardShortcuts";
			requirement = {
				kind = upToNextMajorVersion;
				minimumVersion = 1.2.0;
			};
		};
		442134E926AC5A7400963441 /* XCRemoteSwiftPackageReference "Preferences" */ = {
			isa = XCRemoteSwiftPackageReference;
			repositoryURL = "https://github.com/sindresorhus/Preferences";
			requirement = {
				kind = upToNextMajorVersion;
				minimumVersion = 2.4.0;
			};
		};
		44408CA327159F7D00866BB9 /* XCRemoteSwiftPackageReference "KeyboardShortcuts" */ = {
			isa = XCRemoteSwiftPackageReference;
			repositoryURL = "https://github.com/sindresorhus/KeyboardShortcuts";
			requirement = {
				kind = upToNextMajorVersion;
				minimumVersion = 1.2.0;
			};
		};
		44408CA527159F7D00866BB9 /* XCRemoteSwiftPackageReference "Preferences" */ = {
			isa = XCRemoteSwiftPackageReference;
			repositoryURL = "https://github.com/sindresorhus/Preferences";
			requirement = {
				kind = upToNextMajorVersion;
				minimumVersion = 2.4.0;
			};
		};
/* End XCRemoteSwiftPackageReference section */

/* Begin XCSwiftPackageProductDependency section */
		442134D726AADBE800963441 /* KeyboardShortcuts */ = {
			isa = XCSwiftPackageProductDependency;
			package = 442134D626AADBE800963441 /* XCRemoteSwiftPackageReference "KeyboardShortcuts" */;
			productName = KeyboardShortcuts;
		};
		442134EA26AC5A7400963441 /* Preferences */ = {
			isa = XCSwiftPackageProductDependency;
			package = 442134E926AC5A7400963441 /* XCRemoteSwiftPackageReference "Preferences" */;
			productName = Preferences;
		};
		44408CA127159F7D00866BB9 /* DataBases */ = {
			isa = XCSwiftPackageProductDependency;
			productName = DataBases;
		};
		44408CA227159F7D00866BB9 /* KeyboardShortcuts */ = {
			isa = XCSwiftPackageProductDependency;
			package = 44408CA327159F7D00866BB9 /* XCRemoteSwiftPackageReference "KeyboardShortcuts" */;
			productName = KeyboardShortcuts;
		};
		44408CA427159F7D00866BB9 /* Preferences */ = {
			isa = XCSwiftPackageProductDependency;
			package = 44408CA527159F7D00866BB9 /* XCRemoteSwiftPackageReference "Preferences" */;
			productName = Preferences;
		};
		447D61A62643E5E400AB0C1A /* DataBases */ = {
			isa = XCSwiftPackageProductDependency;
			productName = DataBases;
		};
/* End XCSwiftPackageProductDependency section */

/* Begin XCVersionGroup section */
		447D0F7226550D02004A7173 /* app.xcdatamodeld */ = {
			isa = XCVersionGroup;
			children = (
				447D0F7326550D02004A7173 /* Words.xcdatamodel */,
			);
			currentVersion = 447D0F7326550D02004A7173 /* Words.xcdatamodel */;
			path = app.xcdatamodeld;
			sourceTree = "<group>";
			versionGroupType = wrapper.xcdatamodel;
		};
/* End XCVersionGroup section */
	};
	rootObject = 4440EE38262EDCA3007FF470 /* Project object */;
}
