// !$*UTF8*$!
{
	archiveVersion = 1;
	classes = {
	};
	objectVersion = 52;
	objects = {

/* Begin PBXBuildFile section */
		440824D22689F4EE00EA7EEE /* CropperView.swift in Sources */ = {isa = PBXBuildFile; fileRef = 440824D12689F4EE00EA7EEE /* CropperView.swift */; };
		440824FC268E178E00EA7EEE /* NPLSample.swift in Sources */ = {isa = PBXBuildFile; fileRef = 440824FB268E178E00EA7EEE /* NPLSample.swift */; };
		442134CE26A6C64200963441 /* Settings.swift in Sources */ = {isa = PBXBuildFile; fileRef = 442134CD26A6C64200963441 /* Settings.swift */; };
		442134D526A9A36A00963441 /* GeneralSettingsView.swift in Sources */ = {isa = PBXBuildFile; fileRef = 442134D426A9A36A00963441 /* GeneralSettingsView.swift */; };
		442134D826AADBE800963441 /* KeyboardShortcuts in Frameworks */ = {isa = PBXBuildFile; productRef = 442134D726AADBE800963441 /* KeyboardShortcuts */; };
		442134DA26AADC3100963441 /* GlobalShortCutKey.swift in Sources */ = {isa = PBXBuildFile; fileRef = 442134D926AADC3100963441 /* GlobalShortCutKey.swift */; };
		442134DE26AAF68200963441 /* AppearanceSettingsView.swift in Sources */ = {isa = PBXBuildFile; fileRef = 442134DD26AAF68200963441 /* AppearanceSettingsView.swift */; };
		442134E026AB00B500963441 /* UserDefaultSettings.swift in Sources */ = {isa = PBXBuildFile; fileRef = 442134DF26AB00B500963441 /* UserDefaultSettings.swift */; };
		442134E326AC326100963441 /* SingleWordView.swift in Sources */ = {isa = PBXBuildFile; fileRef = 442134E226AC326100963441 /* SingleWordView.swift */; };
		442134E526AC32A700963441 /* WordsView.swift in Sources */ = {isa = PBXBuildFile; fileRef = 442134E426AC32A700963441 /* WordsView.swift */; };
		442134EB26AC5A7400963441 /* Preferences in Frameworks */ = {isa = PBXBuildFile; productRef = 442134EA26AC5A7400963441 /* Preferences */; };
		442134F326AD3C4B00963441 /* VisualEffectView.swift in Sources */ = {isa = PBXBuildFile; fileRef = 442134F226AD3C4B00963441 /* VisualEffectView.swift */; };
		442298B7269EADC1008B410B /* DictionariesView.swift in Sources */ = {isa = PBXBuildFile; fileRef = 442298B6269EADC1008B410B /* DictionariesView.swift */; };
		4440EE44262EDCA3007FF470 /* AppDelegate.swift in Sources */ = {isa = PBXBuildFile; fileRef = 4440EE43262EDCA3007FF470 /* AppDelegate.swift */; };
		4440EE48262EDCA4007FF470 /* Assets.xcassets in Resources */ = {isa = PBXBuildFile; fileRef = 4440EE47262EDCA4007FF470 /* Assets.xcassets */; };
		4440EE4B262EDCA4007FF470 /* Preview Assets.xcassets in Resources */ = {isa = PBXBuildFile; fileRef = 4440EE4A262EDCA4007FF470 /* Preview Assets.xcassets */; };
		4440EE4E262EDCA4007FF470 /* Main.storyboard in Resources */ = {isa = PBXBuildFile; fileRef = 4440EE4C262EDCA4007FF470 /* Main.storyboard */; };
		4479E35626A1852000764D53 /* AVSessionAndTR.swift in Sources */ = {isa = PBXBuildFile; fileRef = 4479E35526A1852000764D53 /* AVSessionAndTR.swift */; };
		447D0F7426550D02004A7173 /* WordStatistics.xcdatamodeld in Sources */ = {isa = PBXBuildFile; fileRef = 447D0F7226550D02004A7173 /* WordStatistics.xcdatamodeld */; };
		447D0F7F26564D96004A7173 /* StatusData.swift in Sources */ = {isa = PBXBuildFile; fileRef = 447D0F7E26564D96004A7173 /* StatusData.swift */; };
		447D61A72643E5E400AB0C1A /* DataBases in Frameworks */ = {isa = PBXBuildFile; productRef = 447D61A62643E5E400AB0C1A /* DataBases */; };
		4495FE7E266C8C7100EFC721 /* CustomEnvironmentKey.swift in Sources */ = {isa = PBXBuildFile; fileRef = 4495FE7D266C8C7100EFC721 /* CustomEnvironmentKey.swift */; };
		44BCEBD426838AC2002D3D8C /* DisplayedWords.swift in Sources */ = {isa = PBXBuildFile; fileRef = 44BCEBD326838AC2002D3D8C /* DisplayedWords.swift */; };
		44BCEC5626842086002D3D8C /* KnownWordsView.swift in Sources */ = {isa = PBXBuildFile; fileRef = 44BCEC5526842086002D3D8C /* KnownWordsView.swift */; };
		44BCEC582684BADD002D3D8C /* Utilities.swift in Sources */ = {isa = PBXBuildFile; fileRef = 44BCEC572684BADD002D3D8C /* Utilities.swift */; };
		44FBE4692674EBCE002A7599 /* ContentPanel.swift in Sources */ = {isa = PBXBuildFile; fileRef = 44FBE4682674EBCE002A7599 /* ContentPanel.swift */; };
		44FBE46B2674ED28002A7599 /* CropperWindow.swift in Sources */ = {isa = PBXBuildFile; fileRef = 44FBE46A2674ED28002A7599 /* CropperWindow.swift */; };
		44FC700A266DEFF80025676B /* ContentView.swift in Sources */ = {isa = PBXBuildFile; fileRef = 44FC7009266DEFF80025676B /* ContentView.swift */; };
		44FC7016266F48730025676B /* VisualConfig.swift in Sources */ = {isa = PBXBuildFile; fileRef = 44FC7015266F48730025676B /* VisualConfig.swift */; };
/* End PBXBuildFile section */

/* Begin PBXFileReference section */
		440824D12689F4EE00EA7EEE /* CropperView.swift */ = {isa = PBXFileReference; lastKnownFileType = sourcecode.swift; path = CropperView.swift; sourceTree = "<group>"; };
		440824FB268E178E00EA7EEE /* NPLSample.swift */ = {isa = PBXFileReference; lastKnownFileType = sourcecode.swift; path = NPLSample.swift; sourceTree = "<group>"; };
		442134CD26A6C64200963441 /* Settings.swift */ = {isa = PBXFileReference; lastKnownFileType = sourcecode.swift; path = Settings.swift; sourceTree = "<group>"; };
		442134D426A9A36A00963441 /* GeneralSettingsView.swift */ = {isa = PBXFileReference; lastKnownFileType = sourcecode.swift; path = GeneralSettingsView.swift; sourceTree = "<group>"; };
		442134D926AADC3100963441 /* GlobalShortCutKey.swift */ = {isa = PBXFileReference; lastKnownFileType = sourcecode.swift; path = GlobalShortCutKey.swift; sourceTree = "<group>"; };
		442134DD26AAF68200963441 /* AppearanceSettingsView.swift */ = {isa = PBXFileReference; lastKnownFileType = sourcecode.swift; path = AppearanceSettingsView.swift; sourceTree = "<group>"; };
		442134DF26AB00B500963441 /* UserDefaultSettings.swift */ = {isa = PBXFileReference; lastKnownFileType = sourcecode.swift; path = UserDefaultSettings.swift; sourceTree = "<group>"; };
		442134E226AC326100963441 /* SingleWordView.swift */ = {isa = PBXFileReference; lastKnownFileType = sourcecode.swift; path = SingleWordView.swift; sourceTree = "<group>"; };
		442134E426AC32A700963441 /* WordsView.swift */ = {isa = PBXFileReference; lastKnownFileType = sourcecode.swift; path = WordsView.swift; sourceTree = "<group>"; };
		442134F226AD3C4B00963441 /* VisualEffectView.swift */ = {isa = PBXFileReference; lastKnownFileType = sourcecode.swift; path = VisualEffectView.swift; sourceTree = "<group>"; };
		442298B6269EADC1008B410B /* DictionariesView.swift */ = {isa = PBXFileReference; lastKnownFileType = sourcecode.swift; path = DictionariesView.swift; sourceTree = "<group>"; };
		4440EE40262EDCA3007FF470 /* DictAssistantApp.app */ = {isa = PBXFileReference; explicitFileType = wrapper.application; includeInIndex = 0; path = DictAssistantApp.app; sourceTree = BUILT_PRODUCTS_DIR; };
		4440EE43262EDCA3007FF470 /* AppDelegate.swift */ = {isa = PBXFileReference; lastKnownFileType = sourcecode.swift; path = AppDelegate.swift; sourceTree = "<group>"; };
		4440EE47262EDCA4007FF470 /* Assets.xcassets */ = {isa = PBXFileReference; lastKnownFileType = folder.assetcatalog; path = Assets.xcassets; sourceTree = "<group>"; };
		4440EE4A262EDCA4007FF470 /* Preview Assets.xcassets */ = {isa = PBXFileReference; lastKnownFileType = folder.assetcatalog; path = "Preview Assets.xcassets"; sourceTree = "<group>"; };
		4440EE4D262EDCA4007FF470 /* Base */ = {isa = PBXFileReference; lastKnownFileType = file.storyboard; name = Base; path = Base.lproj/Main.storyboard; sourceTree = "<group>"; };
		4440EE4F262EDCA4007FF470 /* Info.plist */ = {isa = PBXFileReference; lastKnownFileType = text.plist.xml; path = Info.plist; sourceTree = "<group>"; };
		4440EE50262EDCA4007FF470 /* DictAssistantApp.entitlements */ = {isa = PBXFileReference; lastKnownFileType = text.plist.entitlements; path = DictAssistantApp.entitlements; sourceTree = "<group>"; };
		4479E35526A1852000764D53 /* AVSessionAndTR.swift */ = {isa = PBXFileReference; lastKnownFileType = sourcecode.swift; path = AVSessionAndTR.swift; sourceTree = "<group>"; };
		447D0F7326550D02004A7173 /* Words.xcdatamodel */ = {isa = PBXFileReference; lastKnownFileType = wrapper.xcdatamodel; path = Words.xcdatamodel; sourceTree = "<group>"; };
		447D0F7E26564D96004A7173 /* StatusData.swift */ = {isa = PBXFileReference; lastKnownFileType = sourcecode.swift; path = StatusData.swift; sourceTree = "<group>"; };
		447D61A42643E5A700AB0C1A /* DataBases */ = {isa = PBXFileReference; lastKnownFileType = folder; path = DataBases; sourceTree = "<group>"; };
		4495FE7D266C8C7100EFC721 /* CustomEnvironmentKey.swift */ = {isa = PBXFileReference; lastKnownFileType = sourcecode.swift; path = CustomEnvironmentKey.swift; sourceTree = "<group>"; };
		44BCEBD326838AC2002D3D8C /* DisplayedWords.swift */ = {isa = PBXFileReference; lastKnownFileType = sourcecode.swift; path = DisplayedWords.swift; sourceTree = "<group>"; };
		44BCEC5526842086002D3D8C /* KnownWordsView.swift */ = {isa = PBXFileReference; lastKnownFileType = sourcecode.swift; path = KnownWordsView.swift; sourceTree = "<group>"; };
		44BCEC572684BADD002D3D8C /* Utilities.swift */ = {isa = PBXFileReference; lastKnownFileType = sourcecode.swift; path = Utilities.swift; sourceTree = "<group>"; };
		44FBE4682674EBCE002A7599 /* ContentPanel.swift */ = {isa = PBXFileReference; lastKnownFileType = sourcecode.swift; path = ContentPanel.swift; sourceTree = "<group>"; };
		44FBE46A2674ED28002A7599 /* CropperWindow.swift */ = {isa = PBXFileReference; lastKnownFileType = sourcecode.swift; path = CropperWindow.swift; sourceTree = "<group>"; };
		44FC7009266DEFF80025676B /* ContentView.swift */ = {isa = PBXFileReference; lastKnownFileType = sourcecode.swift; path = ContentView.swift; sourceTree = "<group>"; };
		44FC7015266F48730025676B /* VisualConfig.swift */ = {isa = PBXFileReference; lastKnownFileType = sourcecode.swift; path = VisualConfig.swift; sourceTree = "<group>"; };
/* End PBXFileReference section */

/* Begin PBXFrameworksBuildPhase section */
		4440EE3D262EDCA3007FF470 /* Frameworks */ = {
			isa = PBXFrameworksBuildPhase;
			buildActionMask = 2147483647;
			files = (
				447D61A72643E5E400AB0C1A /* DataBases in Frameworks */,
				442134EB26AC5A7400963441 /* Preferences in Frameworks */,
				442134D826AADBE800963441 /* KeyboardShortcuts in Frameworks */,
			);
			runOnlyForDeploymentPostprocessing = 0;
		};
/* End PBXFrameworksBuildPhase section */

/* Begin PBXGroup section */
		442134D326A9A34F00963441 /* Settings */ = {
			isa = PBXGroup;
			children = (
				442134CD26A6C64200963441 /* Settings.swift */,
				442134D426A9A36A00963441 /* GeneralSettingsView.swift */,
				442134DD26AAF68200963441 /* AppearanceSettingsView.swift */,
				442298B6269EADC1008B410B /* DictionariesView.swift */,
			);
			path = Settings;
			sourceTree = "<group>";
		};
		442134E126AC324100963441 /* Content */ = {
			isa = PBXGroup;
			children = (
				44FC7009266DEFF80025676B /* ContentView.swift */,
				442134E426AC32A700963441 /* WordsView.swift */,
				442134E226AC326100963441 /* SingleWordView.swift */,
			);
			path = Content;
			sourceTree = "<group>";
		};
		4440EE37262EDCA3007FF470 = {
			isa = PBXGroup;
			children = (
				447D61A42643E5A700AB0C1A /* DataBases */,
				4440EE42262EDCA3007FF470 /* DictAssistantApp */,
				4440EE41262EDCA3007FF470 /* Products */,
				447D61A52643E5E400AB0C1A /* Frameworks */,
			);
			sourceTree = "<group>";
		};
		4440EE41262EDCA3007FF470 /* Products */ = {
			isa = PBXGroup;
			children = (
				4440EE40262EDCA3007FF470 /* DictAssistantApp.app */,
			);
			name = Products;
			sourceTree = "<group>";
		};
		4440EE42262EDCA3007FF470 /* DictAssistantApp */ = {
			isa = PBXGroup;
			children = (
				447D61912643C89700AB0C1A /* TextProcess */,
				447D61902643C12F00AB0C1A /* Model */,
				447D618F2643C11A00AB0C1A /* Views */,
				447D0F7226550D02004A7173 /* WordStatistics.xcdatamodeld */,
				4440EE47262EDCA4007FF470 /* Assets.xcassets */,
				4440EE43262EDCA3007FF470 /* AppDelegate.swift */,
				4479E35526A1852000764D53 /* AVSessionAndTR.swift */,
				44FBE4682674EBCE002A7599 /* ContentPanel.swift */,
				44FBE46A2674ED28002A7599 /* CropperWindow.swift */,
				4495FE7D266C8C7100EFC721 /* CustomEnvironmentKey.swift */,
				442134DF26AB00B500963441 /* UserDefaultSettings.swift */,
				44BCEC572684BADD002D3D8C /* Utilities.swift */,
				442134D926AADC3100963441 /* GlobalShortCutKey.swift */,
				4440EE4C262EDCA4007FF470 /* Main.storyboard */,
				4440EE4F262EDCA4007FF470 /* Info.plist */,
				4440EE50262EDCA4007FF470 /* DictAssistantApp.entitlements */,
				4440EE49262EDCA4007FF470 /* Preview Content */,
			);
			path = DictAssistantApp;
			sourceTree = "<group>";
		};
		4440EE49262EDCA4007FF470 /* Preview Content */ = {
			isa = PBXGroup;
			children = (
				4440EE4A262EDCA4007FF470 /* Preview Assets.xcassets */,
			);
			path = "Preview Content";
			sourceTree = "<group>";
		};
		447D618F2643C11A00AB0C1A /* Views */ = {
			isa = PBXGroup;
			children = (
				442134E126AC324100963441 /* Content */,
				440824D12689F4EE00EA7EEE /* CropperView.swift */,
				44BCEC5526842086002D3D8C /* KnownWordsView.swift */,
				442134D326A9A34F00963441 /* Settings */,
				442134F226AD3C4B00963441 /* VisualEffectView.swift */,
			);
			path = Views;
			sourceTree = "<group>";
		};
		447D61902643C12F00AB0C1A /* Model */ = {
			isa = PBXGroup;
			children = (
				447D0F7E26564D96004A7173 /* StatusData.swift */,
				44FC7015266F48730025676B /* VisualConfig.swift */,
				44BCEBD326838AC2002D3D8C /* DisplayedWords.swift */,
			);
			path = Model;
			sourceTree = "<group>";
		};
		447D61912643C89700AB0C1A /* TextProcess */ = {
			isa = PBXGroup;
			children = (
				440824FB268E178E00EA7EEE /* NPLSample.swift */,
			);
			path = TextProcess;
			sourceTree = "<group>";
		};
		447D61A52643E5E400AB0C1A /* Frameworks */ = {
			isa = PBXGroup;
			children = (
			);
			name = Frameworks;
			sourceTree = "<group>";
		};
/* End PBXGroup section */

/* Begin PBXNativeTarget section */
		4440EE3F262EDCA3007FF470 /* DictAssistantApp */ = {
			isa = PBXNativeTarget;
			buildConfigurationList = 4440EE53262EDCA4007FF470 /* Build configuration list for PBXNativeTarget "DictAssistantApp" */;
			buildPhases = (
				4440EE3C262EDCA3007FF470 /* Sources */,
				4440EE3D262EDCA3007FF470 /* Frameworks */,
				4440EE3E262EDCA3007FF470 /* Resources */,
			);
			buildRules = (
			);
			dependencies = (
			);
			name = DictAssistantApp;
			packageProductDependencies = (
				447D61A62643E5E400AB0C1A /* DataBases */,
				442134D726AADBE800963441 /* KeyboardShortcuts */,
				442134EA26AC5A7400963441 /* Preferences */,
			);
			productName = DictAssistantApp;
			productReference = 4440EE40262EDCA3007FF470 /* DictAssistantApp.app */;
			productType = "com.apple.product-type.application";
		};
/* End PBXNativeTarget section */

/* Begin PBXProject section */
		4440EE38262EDCA3007FF470 /* Project object */ = {
			isa = PBXProject;
			attributes = {
				LastSwiftUpdateCheck = 1250;
				LastUpgradeCheck = 1250;
				TargetAttributes = {
					4440EE3F262EDCA3007FF470 = {
						CreatedOnToolsVersion = 12.4;
					};
				};
			};
			buildConfigurationList = 4440EE3B262EDCA3007FF470 /* Build configuration list for PBXProject "DictAssistantApp" */;
			compatibilityVersion = "Xcode 9.3";
			developmentRegion = en;
			hasScannedForEncodings = 0;
			knownRegions = (
				en,
				Base,
			);
			mainGroup = 4440EE37262EDCA3007FF470;
			packageReferences = (
				442134D626AADBE800963441 /* XCRemoteSwiftPackageReference "KeyboardShortcuts" */,
				442134E926AC5A7400963441 /* XCRemoteSwiftPackageReference "Preferences" */,
			);
			productRefGroup = 4440EE41262EDCA3007FF470 /* Products */;
			projectDirPath = "";
			projectRoot = "";
			targets = (
				4440EE3F262EDCA3007FF470 /* DictAssistantApp */,
			);
		};
/* End PBXProject section */

/* Begin PBXResourcesBuildPhase section */
		4440EE3E262EDCA3007FF470 /* Resources */ = {
			isa = PBXResourcesBuildPhase;
			buildActionMask = 2147483647;
			files = (
				4440EE4E262EDCA4007FF470 /* Main.storyboard in Resources */,
				4440EE4B262EDCA4007FF470 /* Preview Assets.xcassets in Resources */,
				4440EE48262EDCA4007FF470 /* Assets.xcassets in Resources */,
			);
			runOnlyForDeploymentPostprocessing = 0;
		};
/* End PBXResourcesBuildPhase section */

/* Begin PBXSourcesBuildPhase section */
		4440EE3C262EDCA3007FF470 /* Sources */ = {
			isa = PBXSourcesBuildPhase;
			buildActionMask = 2147483647;
			files = (
				442298B7269EADC1008B410B /* DictionariesView.swift in Sources */,
				44FC700A266DEFF80025676B /* ContentView.swift in Sources */,
				442134CE26A6C64200963441 /* Settings.swift in Sources */,
				442134E526AC32A700963441 /* WordsView.swift in Sources */,
				44FC7016266F48730025676B /* VisualConfig.swift in Sources */,
				44FBE4692674EBCE002A7599 /* ContentPanel.swift in Sources */,
				44BCEC582684BADD002D3D8C /* Utilities.swift in Sources */,
				440824FC268E178E00EA7EEE /* NPLSample.swift in Sources */,
				447D0F7F26564D96004A7173 /* StatusData.swift in Sources */,
				440824D22689F4EE00EA7EEE /* CropperView.swift in Sources */,
				442134E026AB00B500963441 /* UserDefaultSettings.swift in Sources */,
				4495FE7E266C8C7100EFC721 /* CustomEnvironmentKey.swift in Sources */,
				442134D526A9A36A00963441 /* GeneralSettingsView.swift in Sources */,
				442134E326AC326100963441 /* SingleWordView.swift in Sources */,
				442134DE26AAF68200963441 /* AppearanceSettingsView.swift in Sources */,
				4440EE44262EDCA3007FF470 /* AppDelegate.swift in Sources */,
				447D0F7426550D02004A7173 /* WordStatistics.xcdatamodeld in Sources */,
				44FBE46B2674ED28002A7599 /* CropperWindow.swift in Sources */,
				44BCEBD426838AC2002D3D8C /* DisplayedWords.swift in Sources */,
				44BCEC5626842086002D3D8C /* KnownWordsView.swift in Sources */,
				442134DA26AADC3100963441 /* GlobalShortCutKey.swift in Sources */,
				442134F326AD3C4B00963441 /* VisualEffectView.swift in Sources */,
				4479E35626A1852000764D53 /* AVSessionAndTR.swift in Sources */,
			);
			runOnlyForDeploymentPostprocessing = 0;
		};
/* End PBXSourcesBuildPhase section */

/* Begin PBXVariantGroup section */
		4440EE4C262EDCA4007FF470 /* Main.storyboard */ = {
			isa = PBXVariantGroup;
			children = (
				4440EE4D262EDCA4007FF470 /* Base */,
			);
			name = Main.storyboard;
			sourceTree = "<group>";
		};
/* End PBXVariantGroup section */

/* Begin XCBuildConfiguration section */
		4440EE51262EDCA4007FF470 /* Debug */ = {
			isa = XCBuildConfiguration;
			buildSettings = {
				ALWAYS_SEARCH_USER_PATHS = NO;
				CLANG_ANALYZER_NONNULL = YES;
				CLANG_ANALYZER_NUMBER_OBJECT_CONVERSION = YES_AGGRESSIVE;
				CLANG_CXX_LANGUAGE_STANDARD = "gnu++14";
				CLANG_CXX_LIBRARY = "libc++";
				CLANG_ENABLE_MODULES = YES;
				CLANG_ENABLE_OBJC_ARC = YES;
				CLANG_ENABLE_OBJC_WEAK = YES;
				CLANG_WARN_BLOCK_CAPTURE_AUTORELEASING = YES;
				CLANG_WARN_BOOL_CONVERSION = YES;
				CLANG_WARN_COMMA = YES;
				CLANG_WARN_CONSTANT_CONVERSION = YES;
				CLANG_WARN_DEPRECATED_OBJC_IMPLEMENTATIONS = YES;
				CLANG_WARN_DIRECT_OBJC_ISA_USAGE = YES_ERROR;
				CLANG_WARN_DOCUMENTATION_COMMENTS = YES;
				CLANG_WARN_EMPTY_BODY = YES;
				CLANG_WARN_ENUM_CONVERSION = YES;
				CLANG_WARN_INFINITE_RECURSION = YES;
				CLANG_WARN_INT_CONVERSION = YES;
				CLANG_WARN_NON_LITERAL_NULL_CONVERSION = YES;
				CLANG_WARN_OBJC_IMPLICIT_RETAIN_SELF = YES;
				CLANG_WARN_OBJC_LITERAL_CONVERSION = YES;
				CLANG_WARN_OBJC_ROOT_CLASS = YES_ERROR;
				CLANG_WARN_QUOTED_INCLUDE_IN_FRAMEWORK_HEADER = YES;
				CLANG_WARN_RANGE_LOOP_ANALYSIS = YES;
				CLANG_WARN_STRICT_PROTOTYPES = YES;
				CLANG_WARN_SUSPICIOUS_MOVE = YES;
				CLANG_WARN_UNGUARDED_AVAILABILITY = YES_AGGRESSIVE;
				CLANG_WARN_UNREACHABLE_CODE = YES;
				CLANG_WARN__DUPLICATE_METHOD_MATCH = YES;
				COPY_PHASE_STRIP = NO;
				DEBUG_INFORMATION_FORMAT = dwarf;
				ENABLE_STRICT_OBJC_MSGSEND = YES;
				ENABLE_TESTABILITY = YES;
				GCC_C_LANGUAGE_STANDARD = gnu11;
				GCC_DYNAMIC_NO_PIC = NO;
				GCC_NO_COMMON_BLOCKS = YES;
				GCC_OPTIMIZATION_LEVEL = 0;
				GCC_PREPROCESSOR_DEFINITIONS = (
					"DEBUG=1",
					"$(inherited)",
				);
				GCC_WARN_64_TO_32_BIT_CONVERSION = YES;
				GCC_WARN_ABOUT_RETURN_TYPE = YES_ERROR;
				GCC_WARN_UNDECLARED_SELECTOR = YES;
				GCC_WARN_UNINITIALIZED_AUTOS = YES_AGGRESSIVE;
				GCC_WARN_UNUSED_FUNCTION = YES;
				GCC_WARN_UNUSED_VARIABLE = YES;
				MACOSX_DEPLOYMENT_TARGET = 11.1;
				MTL_ENABLE_DEBUG_INFO = INCLUDE_SOURCE;
				MTL_FAST_MATH = YES;
				ONLY_ACTIVE_ARCH = YES;
				SDKROOT = macosx;
				SWIFT_ACTIVE_COMPILATION_CONDITIONS = DEBUG;
				SWIFT_OPTIMIZATION_LEVEL = "-Onone";
			};
			name = Debug;
		};
		4440EE52262EDCA4007FF470 /* Release */ = {
			isa = XCBuildConfiguration;
			buildSettings = {
				ALWAYS_SEARCH_USER_PATHS = NO;
				CLANG_ANALYZER_NONNULL = YES;
				CLANG_ANALYZER_NUMBER_OBJECT_CONVERSION = YES_AGGRESSIVE;
				CLANG_CXX_LANGUAGE_STANDARD = "gnu++14";
				CLANG_CXX_LIBRARY = "libc++";
				CLANG_ENABLE_MODULES = YES;
				CLANG_ENABLE_OBJC_ARC = YES;
				CLANG_ENABLE_OBJC_WEAK = YES;
				CLANG_WARN_BLOCK_CAPTURE_AUTORELEASING = YES;
				CLANG_WARN_BOOL_CONVERSION = YES;
				CLANG_WARN_COMMA = YES;
				CLANG_WARN_CONSTANT_CONVERSION = YES;
				CLANG_WARN_DEPRECATED_OBJC_IMPLEMENTATIONS = YES;
				CLANG_WARN_DIRECT_OBJC_ISA_USAGE = YES_ERROR;
				CLANG_WARN_DOCUMENTATION_COMMENTS = YES;
				CLANG_WARN_EMPTY_BODY = YES;
				CLANG_WARN_ENUM_CONVERSION = YES;
				CLANG_WARN_INFINITE_RECURSION = YES;
				CLANG_WARN_INT_CONVERSION = YES;
				CLANG_WARN_NON_LITERAL_NULL_CONVERSION = YES;
				CLANG_WARN_OBJC_IMPLICIT_RETAIN_SELF = YES;
				CLANG_WARN_OBJC_LITERAL_CONVERSION = YES;
				CLANG_WARN_OBJC_ROOT_CLASS = YES_ERROR;
				CLANG_WARN_QUOTED_INCLUDE_IN_FRAMEWORK_HEADER = YES;
				CLANG_WARN_RANGE_LOOP_ANALYSIS = YES;
				CLANG_WARN_STRICT_PROTOTYPES = YES;
				CLANG_WARN_SUSPICIOUS_MOVE = YES;
				CLANG_WARN_UNGUARDED_AVAILABILITY = YES_AGGRESSIVE;
				CLANG_WARN_UNREACHABLE_CODE = YES;
				CLANG_WARN__DUPLICATE_METHOD_MATCH = YES;
				COPY_PHASE_STRIP = NO;
				DEBUG_INFORMATION_FORMAT = "dwarf-with-dsym";
				ENABLE_NS_ASSERTIONS = NO;
				ENABLE_STRICT_OBJC_MSGSEND = YES;
				GCC_C_LANGUAGE_STANDARD = gnu11;
				GCC_NO_COMMON_BLOCKS = YES;
				GCC_WARN_64_TO_32_BIT_CONVERSION = YES;
				GCC_WARN_ABOUT_RETURN_TYPE = YES_ERROR;
				GCC_WARN_UNDECLARED_SELECTOR = YES;
				GCC_WARN_UNINITIALIZED_AUTOS = YES_AGGRESSIVE;
				GCC_WARN_UNUSED_FUNCTION = YES;
				GCC_WARN_UNUSED_VARIABLE = YES;
				MACOSX_DEPLOYMENT_TARGET = 11.1;
				MTL_ENABLE_DEBUG_INFO = NO;
				MTL_FAST_MATH = YES;
				SDKROOT = macosx;
				SWIFT_COMPILATION_MODE = wholemodule;
				SWIFT_OPTIMIZATION_LEVEL = "-O";
			};
			name = Release;
		};
		4440EE54262EDCA4007FF470 /* Debug */ = {
			isa = XCBuildConfiguration;
			buildSettings = {
				ASSETCATALOG_COMPILER_APPICON_NAME = AppIcon;
				ASSETCATALOG_COMPILER_GLOBAL_ACCENT_COLOR_NAME = AccentColor;
				CODE_SIGN_ENTITLEMENTS = DictAssistantApp/DictAssistantApp.entitlements;
				CODE_SIGN_IDENTITY = "Apple Development";
				CODE_SIGN_STYLE = Automatic;
				COMBINE_HIDPI_IMAGES = YES;
				DEVELOPMENT_ASSET_PATHS = "\"DictAssistantApp/Preview Content\"";
				DEVELOPMENT_TEAM = T8LHNZ3EQU;
				ENABLE_HARDENED_RUNTIME = YES;
				ENABLE_PREVIEWS = YES;
				INFOPLIST_FILE = DictAssistantApp/Info.plist;
				LD_RUNPATH_SEARCH_PATHS = (
					"$(inherited)",
					"@executable_path/../Frameworks",
				);
				MACOSX_DEPLOYMENT_TARGET = 11.0;
				PRODUCT_BUNDLE_IDENTIFIER = com.gaozhanting.DictAssistantApp;
				PRODUCT_NAME = "$(TARGET_NAME)";
				SWIFT_VERSION = 5.0;
			};
			name = Debug;
		};
		4440EE55262EDCA4007FF470 /* Release */ = {
			isa = XCBuildConfiguration;
			buildSettings = {
				ASSETCATALOG_COMPILER_APPICON_NAME = AppIcon;
				ASSETCATALOG_COMPILER_GLOBAL_ACCENT_COLOR_NAME = AccentColor;
				CODE_SIGN_ENTITLEMENTS = DictAssistantApp/DictAssistantApp.entitlements;
				CODE_SIGN_IDENTITY = "Apple Development";
				CODE_SIGN_STYLE = Automatic;
				COMBINE_HIDPI_IMAGES = YES;
				DEVELOPMENT_ASSET_PATHS = "\"DictAssistantApp/Preview Content\"";
				DEVELOPMENT_TEAM = T8LHNZ3EQU;
				ENABLE_HARDENED_RUNTIME = YES;
				ENABLE_PREVIEWS = YES;
				INFOPLIST_FILE = DictAssistantApp/Info.plist;
				LD_RUNPATH_SEARCH_PATHS = (
					"$(inherited)",
					"@executable_path/../Frameworks",
				);
				MACOSX_DEPLOYMENT_TARGET = 11.0;
				PRODUCT_BUNDLE_IDENTIFIER = com.gaozhanting.DictAssistantApp;
				PRODUCT_NAME = "$(TARGET_NAME)";
				SWIFT_VERSION = 5.0;
			};
			name = Release;
		};
/* End XCBuildConfiguration section */

/* Begin XCConfigurationList section */
		4440EE3B262EDCA3007FF470 /* Build configuration list for PBXProject "DictAssistantApp" */ = {
			isa = XCConfigurationList;
			buildConfigurations = (
				4440EE51262EDCA4007FF470 /* Debug */,
				4440EE52262EDCA4007FF470 /* Release */,
			);
			defaultConfigurationIsVisible = 0;
			defaultConfigurationName = Release;
		};
		4440EE53262EDCA4007FF470 /* Build configuration list for PBXNativeTarget "DictAssistantApp" */ = {
			isa = XCConfigurationList;
			buildConfigurations = (
				4440EE54262EDCA4007FF470 /* Debug */,
				4440EE55262EDCA4007FF470 /* Release */,
			);
			defaultConfigurationIsVisible = 0;
			defaultConfigurationName = Release;
		};
/* End XCConfigurationList section */

/* Begin XCRemoteSwiftPackageReference section */
		442134D626AADBE800963441 /* XCRemoteSwiftPackageReference "KeyboardShortcuts" */ = {
			isa = XCRemoteSwiftPackageReference;
			repositoryURL = "https://github.com/sindresorhus/KeyboardShortcuts";
			requirement = {
				kind = upToNextMajorVersion;
				minimumVersion = 1.2.0;
			};
		};
		442134E926AC5A7400963441 /* XCRemoteSwiftPackageReference "Preferences" */ = {
			isa = XCRemoteSwiftPackageReference;
			repositoryURL = "https://github.com/sindresorhus/Preferences";
			requirement = {
				kind = upToNextMajorVersion;
				minimumVersion = 2.4.0;
			};
		};
/* End XCRemoteSwiftPackageReference section */

/* Begin XCSwiftPackageProductDependency section */
		442134D726AADBE800963441 /* KeyboardShortcuts */ = {
			isa = XCSwiftPackageProductDependency;
			package = 442134D626AADBE800963441 /* XCRemoteSwiftPackageReference "KeyboardShortcuts" */;
			productName = KeyboardShortcuts;
		};
		442134EA26AC5A7400963441 /* Preferences */ = {
			isa = XCSwiftPackageProductDependency;
			package = 442134E926AC5A7400963441 /* XCRemoteSwiftPackageReference "Preferences" */;
			productName = Preferences;
		};
		447D61A62643E5E400AB0C1A /* DataBases */ = {
			isa = XCSwiftPackageProductDependency;
			productName = DataBases;
		};
/* End XCSwiftPackageProductDependency section */

/* Begin XCVersionGroup section */
		447D0F7226550D02004A7173 /* WordStatistics.xcdatamodeld */ = {
			isa = XCVersionGroup;
			children = (
				447D0F7326550D02004A7173 /* Words.xcdatamodel */,
			);
			currentVersion = 447D0F7326550D02004A7173 /* Words.xcdatamodel */;
			path = WordStatistics.xcdatamodeld;
			sourceTree = "<group>";
			versionGroupType = wrapper.xcdatamodel;
		};
/* End XCVersionGroup section */
	};
	rootObject = 4440EE38262EDCA3007FF470 /* Project object */;
}
