// !$*UTF8*$!
{
	archiveVersion = 1;
	classes = {
	};
	objectVersion = 52;
	objects = {

/* Begin PBXBuildFile section */
		4440EE44262EDCA3007FF470 /* AppDelegate.swift in Sources */ = {isa = PBXBuildFile; fileRef = 4440EE43262EDCA3007FF470 /* AppDelegate.swift */; };
		4440EE46262EDCA3007FF470 /* ControlView.swift in Sources */ = {isa = PBXBuildFile; fileRef = 4440EE45262EDCA3007FF470 /* ControlView.swift */; };
		4440EE48262EDCA4007FF470 /* Assets.xcassets in Resources */ = {isa = PBXBuildFile; fileRef = 4440EE47262EDCA4007FF470 /* Assets.xcassets */; };
		4440EE4B262EDCA4007FF470 /* Preview Assets.xcassets in Resources */ = {isa = PBXBuildFile; fileRef = 4440EE4A262EDCA4007FF470 /* Preview Assets.xcassets */; };
		4440EE4E262EDCA4007FF470 /* Main.storyboard in Resources */ = {isa = PBXBuildFile; fileRef = 4440EE4C262EDCA4007FF470 /* Main.storyboard */; };
		4440EE5C262EDFF7007FF470 /* StatusBarController.swift in Sources */ = {isa = PBXBuildFile; fileRef = 4440EE5B262EDFF7007FF470 /* StatusBarController.swift */; };
		4440EE6F26316C5A007FF470 /* WordsView.swift in Sources */ = {isa = PBXBuildFile; fileRef = 4440EE6E26316C5A007FF470 /* WordsView.swift */; };
		44720C4026611D05005BCFD9 /* FloatingPanel.swift in Sources */ = {isa = PBXBuildFile; fileRef = 44720C3F26611D05005BCFD9 /* FloatingPanel.swift */; };
		447D0F7426550D02004A7173 /* WordStatistics.xcdatamodeld in Sources */ = {isa = PBXBuildFile; fileRef = 447D0F7226550D02004A7173 /* WordStatistics.xcdatamodeld */; };
		447D0F7826554DEB004A7173 /* FamiliarWordsView.swift in Sources */ = {isa = PBXBuildFile; fileRef = 447D0F7726554DEB004A7173 /* FamiliarWordsView.swift */; };
		447D0F7A2655567F004A7173 /* UnFamiliarWordsView.swift in Sources */ = {isa = PBXBuildFile; fileRef = 447D0F792655567F004A7173 /* UnFamiliarWordsView.swift */; };
		447D0F7D26564415004A7173 /* KeyboardShortcuts in Frameworks */ = {isa = PBXBuildFile; productRef = 447D0F7C26564415004A7173 /* KeyboardShortcuts */; };
		447D0F7F26564D96004A7173 /* StatusData.swift in Sources */ = {isa = PBXBuildFile; fileRef = 447D0F7E26564D96004A7173 /* StatusData.swift */; };
		447D0F81265662E2004A7173 /* GlobalKeyBoardShortcuts.swift in Sources */ = {isa = PBXBuildFile; fileRef = 447D0F80265662E2004A7173 /* GlobalKeyBoardShortcuts.swift */; };
		447D0FD8265A5392004A7173 /* CropperView.swift in Sources */ = {isa = PBXBuildFile; fileRef = 447D0FD7265A5392004A7173 /* CropperView.swift */; };
		447D61A72643E5E400AB0C1A /* DataBases in Frameworks */ = {isa = PBXBuildFile; productRef = 447D61A62643E5E400AB0C1A /* DataBases */; };
		447D61AD2644114B00AB0C1A /* TextProcess.swift in Sources */ = {isa = PBXBuildFile; fileRef = 447D61AC2644114B00AB0C1A /* TextProcess.swift */; };
		449581DD2664A6C8005FE507 /* CropData.swift in Sources */ = {isa = PBXBuildFile; fileRef = 449581DC2664A6C8005FE507 /* CropData.swift */; };
		449581DF2664F96B005FE507 /* TextProcessConfig.swift in Sources */ = {isa = PBXBuildFile; fileRef = 449581DE2664F96B005FE507 /* TextProcessConfig.swift */; };
		4495FE6E26678F1100EFC721 /* ContentView.swift in Sources */ = {isa = PBXBuildFile; fileRef = 4495FE6D26678F1100EFC721 /* ContentView.swift */; };
		4495FE7E266C8C7100EFC721 /* CustomEnvironmentKey.swift in Sources */ = {isa = PBXBuildFile; fileRef = 4495FE7D266C8C7100EFC721 /* CustomEnvironmentKey.swift */; };
		44BBB00F263BD6E400A5FF50 /* RecognizedText.swift in Sources */ = {isa = PBXBuildFile; fileRef = 44BBB00E263BD6E400A5FF50 /* RecognizedText.swift */; };
		44FC700A266DEFF80025676B /* SimpleWordsView.swift in Sources */ = {isa = PBXBuildFile; fileRef = 44FC7009266DEFF80025676B /* SimpleWordsView.swift */; };
/* End PBXBuildFile section */

/* Begin PBXFileReference section */
		4440EE40262EDCA3007FF470 /* DictAssistantApp.app */ = {isa = PBXFileReference; explicitFileType = wrapper.application; includeInIndex = 0; path = DictAssistantApp.app; sourceTree = BUILT_PRODUCTS_DIR; };
		4440EE43262EDCA3007FF470 /* AppDelegate.swift */ = {isa = PBXFileReference; lastKnownFileType = sourcecode.swift; path = AppDelegate.swift; sourceTree = "<group>"; };
		4440EE45262EDCA3007FF470 /* ControlView.swift */ = {isa = PBXFileReference; lastKnownFileType = sourcecode.swift; path = ControlView.swift; sourceTree = "<group>"; };
		4440EE47262EDCA4007FF470 /* Assets.xcassets */ = {isa = PBXFileReference; lastKnownFileType = folder.assetcatalog; path = Assets.xcassets; sourceTree = "<group>"; };
		4440EE4A262EDCA4007FF470 /* Preview Assets.xcassets */ = {isa = PBXFileReference; lastKnownFileType = folder.assetcatalog; path = "Preview Assets.xcassets"; sourceTree = "<group>"; };
		4440EE4D262EDCA4007FF470 /* Base */ = {isa = PBXFileReference; lastKnownFileType = file.storyboard; name = Base; path = Base.lproj/Main.storyboard; sourceTree = "<group>"; };
		4440EE4F262EDCA4007FF470 /* Info.plist */ = {isa = PBXFileReference; lastKnownFileType = text.plist.xml; path = Info.plist; sourceTree = "<group>"; };
		4440EE50262EDCA4007FF470 /* DictAssistantApp.entitlements */ = {isa = PBXFileReference; lastKnownFileType = text.plist.entitlements; path = DictAssistantApp.entitlements; sourceTree = "<group>"; };
		4440EE5B262EDFF7007FF470 /* StatusBarController.swift */ = {isa = PBXFileReference; lastKnownFileType = sourcecode.swift; path = StatusBarController.swift; sourceTree = "<group>"; };
		4440EE6E26316C5A007FF470 /* WordsView.swift */ = {isa = PBXFileReference; lastKnownFileType = sourcecode.swift; path = WordsView.swift; sourceTree = "<group>"; };
		44720C3F26611D05005BCFD9 /* FloatingPanel.swift */ = {isa = PBXFileReference; lastKnownFileType = sourcecode.swift; path = FloatingPanel.swift; sourceTree = "<group>"; };
		447D0F7326550D02004A7173 /* Words.xcdatamodel */ = {isa = PBXFileReference; lastKnownFileType = wrapper.xcdatamodel; path = Words.xcdatamodel; sourceTree = "<group>"; };
		447D0F7726554DEB004A7173 /* FamiliarWordsView.swift */ = {isa = PBXFileReference; lastKnownFileType = sourcecode.swift; path = FamiliarWordsView.swift; sourceTree = "<group>"; };
		447D0F792655567F004A7173 /* UnFamiliarWordsView.swift */ = {isa = PBXFileReference; lastKnownFileType = sourcecode.swift; path = UnFamiliarWordsView.swift; sourceTree = "<group>"; };
		447D0F7E26564D96004A7173 /* StatusData.swift */ = {isa = PBXFileReference; lastKnownFileType = sourcecode.swift; path = StatusData.swift; sourceTree = "<group>"; };
		447D0F80265662E2004A7173 /* GlobalKeyBoardShortcuts.swift */ = {isa = PBXFileReference; lastKnownFileType = sourcecode.swift; path = GlobalKeyBoardShortcuts.swift; sourceTree = "<group>"; };
		447D0FD7265A5392004A7173 /* CropperView.swift */ = {isa = PBXFileReference; lastKnownFileType = sourcecode.swift; path = CropperView.swift; sourceTree = "<group>"; };
		447D61A42643E5A700AB0C1A /* DataBases */ = {isa = PBXFileReference; lastKnownFileType = folder; path = DataBases; sourceTree = "<group>"; };
		447D61AC2644114B00AB0C1A /* TextProcess.swift */ = {isa = PBXFileReference; lastKnownFileType = sourcecode.swift; path = TextProcess.swift; sourceTree = "<group>"; };
		449581DC2664A6C8005FE507 /* CropData.swift */ = {isa = PBXFileReference; lastKnownFileType = sourcecode.swift; path = CropData.swift; sourceTree = "<group>"; };
		449581DE2664F96B005FE507 /* TextProcessConfig.swift */ = {isa = PBXFileReference; lastKnownFileType = sourcecode.swift; path = TextProcessConfig.swift; sourceTree = "<group>"; };
		4495FE6D26678F1100EFC721 /* ContentView.swift */ = {isa = PBXFileReference; lastKnownFileType = sourcecode.swift; path = ContentView.swift; sourceTree = "<group>"; };
		4495FE7D266C8C7100EFC721 /* CustomEnvironmentKey.swift */ = {isa = PBXFileReference; lastKnownFileType = sourcecode.swift; path = CustomEnvironmentKey.swift; sourceTree = "<group>"; };
		44BBB00E263BD6E400A5FF50 /* RecognizedText.swift */ = {isa = PBXFileReference; lastKnownFileType = sourcecode.swift; path = RecognizedText.swift; sourceTree = "<group>"; };
		44FC7009266DEFF80025676B /* SimpleWordsView.swift */ = {isa = PBXFileReference; lastKnownFileType = sourcecode.swift; path = SimpleWordsView.swift; sourceTree = "<group>"; };
/* End PBXFileReference section */

/* Begin PBXFrameworksBuildPhase section */
		4440EE3D262EDCA3007FF470 /* Frameworks */ = {
			isa = PBXFrameworksBuildPhase;
			buildActionMask = 2147483647;
			files = (
				447D61A72643E5E400AB0C1A /* DataBases in Frameworks */,
				447D0F7D26564415004A7173 /* KeyboardShortcuts in Frameworks */,
			);
			runOnlyForDeploymentPostprocessing = 0;
		};
/* End PBXFrameworksBuildPhase section */

/* Begin PBXGroup section */
		4440EE37262EDCA3007FF470 = {
			isa = PBXGroup;
			children = (
				447D61A42643E5A700AB0C1A /* DataBases */,
				4440EE42262EDCA3007FF470 /* DictAssistantApp */,
				4440EE41262EDCA3007FF470 /* Products */,
				447D61A52643E5E400AB0C1A /* Frameworks */,
			);
			sourceTree = "<group>";
		};
		4440EE41262EDCA3007FF470 /* Products */ = {
			isa = PBXGroup;
			children = (
				4440EE40262EDCA3007FF470 /* DictAssistantApp.app */,
			);
			name = Products;
			sourceTree = "<group>";
		};
		4440EE42262EDCA3007FF470 /* DictAssistantApp */ = {
			isa = PBXGroup;
			children = (
				447D61912643C89700AB0C1A /* TextProcess */,
				447D61902643C12F00AB0C1A /* Model */,
				447D618F2643C11A00AB0C1A /* Views */,
				447D0F7226550D02004A7173 /* WordStatistics.xcdatamodeld */,
				4440EE47262EDCA4007FF470 /* Assets.xcassets */,
				4440EE43262EDCA3007FF470 /* AppDelegate.swift */,
				4495FE7D266C8C7100EFC721 /* CustomEnvironmentKey.swift */,
				4440EE4C262EDCA4007FF470 /* Main.storyboard */,
				4440EE4F262EDCA4007FF470 /* Info.plist */,
				4440EE50262EDCA4007FF470 /* DictAssistantApp.entitlements */,
				4440EE49262EDCA4007FF470 /* Preview Content */,
				4440EE5B262EDFF7007FF470 /* StatusBarController.swift */,
				447D0F80265662E2004A7173 /* GlobalKeyBoardShortcuts.swift */,
				44720C3F26611D05005BCFD9 /* FloatingPanel.swift */,
			);
			path = DictAssistantApp;
			sourceTree = "<group>";
		};
		4440EE49262EDCA4007FF470 /* Preview Content */ = {
			isa = PBXGroup;
			children = (
				4440EE4A262EDCA4007FF470 /* Preview Assets.xcassets */,
			);
			path = "Preview Content";
			sourceTree = "<group>";
		};
		447D618F2643C11A00AB0C1A /* Views */ = {
			isa = PBXGroup;
			children = (
				4495FE6D26678F1100EFC721 /* ContentView.swift */,
				4440EE6E26316C5A007FF470 /* WordsView.swift */,
				4440EE45262EDCA3007FF470 /* ControlView.swift */,
				44FC7009266DEFF80025676B /* SimpleWordsView.swift */,
				447D0F7726554DEB004A7173 /* FamiliarWordsView.swift */,
				447D0F792655567F004A7173 /* UnFamiliarWordsView.swift */,
				447D0FD7265A5392004A7173 /* CropperView.swift */,
			);
			path = Views;
			sourceTree = "<group>";
		};
		447D61902643C12F00AB0C1A /* Model */ = {
			isa = PBXGroup;
			children = (
				44BBB00E263BD6E400A5FF50 /* RecognizedText.swift */,
				447D0F7E26564D96004A7173 /* StatusData.swift */,
				449581DE2664F96B005FE507 /* TextProcessConfig.swift */,
				449581DC2664A6C8005FE507 /* CropData.swift */,
			);
			path = Model;
			sourceTree = "<group>";
		};
		447D61912643C89700AB0C1A /* TextProcess */ = {
			isa = PBXGroup;
			children = (
				447D61AC2644114B00AB0C1A /* TextProcess.swift */,
			);
			path = TextProcess;
			sourceTree = "<group>";
		};
		447D61A52643E5E400AB0C1A /* Frameworks */ = {
			isa = PBXGroup;
			children = (
			);
			name = Frameworks;
			sourceTree = "<group>";
		};
/* End PBXGroup section */

/* Begin PBXNativeTarget section */
		4440EE3F262EDCA3007FF470 /* DictAssistantApp */ = {
			isa = PBXNativeTarget;
			buildConfigurationList = 4440EE53262EDCA4007FF470 /* Build configuration list for PBXNativeTarget "DictAssistantApp" */;
			buildPhases = (
				4440EE3C262EDCA3007FF470 /* Sources */,
				4440EE3D262EDCA3007FF470 /* Frameworks */,
				4440EE3E262EDCA3007FF470 /* Resources */,
			);
			buildRules = (
			);
			dependencies = (
			);
			name = DictAssistantApp;
			packageProductDependencies = (
				447D61A62643E5E400AB0C1A /* DataBases */,
				447D0F7C26564415004A7173 /* KeyboardShortcuts */,
			);
			productName = DictAssistantApp;
			productReference = 4440EE40262EDCA3007FF470 /* DictAssistantApp.app */;
			productType = "com.apple.product-type.application";
		};
/* End PBXNativeTarget section */

/* Begin PBXProject section */
		4440EE38262EDCA3007FF470 /* Project object */ = {
			isa = PBXProject;
			attributes = {
				LastSwiftUpdateCheck = 1240;
				LastUpgradeCheck = 1250;
				TargetAttributes = {
					4440EE3F262EDCA3007FF470 = {
						CreatedOnToolsVersion = 12.4;
					};
				};
			};
			buildConfigurationList = 4440EE3B262EDCA3007FF470 /* Build configuration list for PBXProject "DictAssistantApp" */;
			compatibilityVersion = "Xcode 9.3";
			developmentRegion = en;
			hasScannedForEncodings = 0;
			knownRegions = (
				en,
				Base,
			);
			mainGroup = 4440EE37262EDCA3007FF470;
			packageReferences = (
				447D0F7B26564415004A7173 /* XCRemoteSwiftPackageReference "KeyboardShortcuts" */,
			);
			productRefGroup = 4440EE41262EDCA3007FF470 /* Products */;
			projectDirPath = "";
			projectRoot = "";
			targets = (
				4440EE3F262EDCA3007FF470 /* DictAssistantApp */,
			);
		};
/* End PBXProject section */

/* Begin PBXResourcesBuildPhase section */
		4440EE3E262EDCA3007FF470 /* Resources */ = {
			isa = PBXResourcesBuildPhase;
			buildActionMask = 2147483647;
			files = (
				4440EE4E262EDCA4007FF470 /* Main.storyboard in Resources */,
				4440EE4B262EDCA4007FF470 /* Preview Assets.xcassets in Resources */,
				4440EE48262EDCA4007FF470 /* Assets.xcassets in Resources */,
			);
			runOnlyForDeploymentPostprocessing = 0;
		};
/* End PBXResourcesBuildPhase section */

/* Begin PBXSourcesBuildPhase section */
		4440EE3C262EDCA3007FF470 /* Sources */ = {
			isa = PBXSourcesBuildPhase;
			buildActionMask = 2147483647;
			files = (
				44FC700A266DEFF80025676B /* SimpleWordsView.swift in Sources */,
				4440EE46262EDCA3007FF470 /* ControlView.swift in Sources */,
				447D0F7A2655567F004A7173 /* UnFamiliarWordsView.swift in Sources */,
				4440EE6F26316C5A007FF470 /* WordsView.swift in Sources */,
				4440EE5C262EDFF7007FF470 /* StatusBarController.swift in Sources */,
				447D0F81265662E2004A7173 /* GlobalKeyBoardShortcuts.swift in Sources */,
				447D0F7826554DEB004A7173 /* FamiliarWordsView.swift in Sources */,
				447D0F7F26564D96004A7173 /* StatusData.swift in Sources */,
				4495FE6E26678F1100EFC721 /* ContentView.swift in Sources */,
				4495FE7E266C8C7100EFC721 /* CustomEnvironmentKey.swift in Sources */,
				4440EE44262EDCA3007FF470 /* AppDelegate.swift in Sources */,
				447D0F7426550D02004A7173 /* WordStatistics.xcdatamodeld in Sources */,
				447D61AD2644114B00AB0C1A /* TextProcess.swift in Sources */,
				447D0FD8265A5392004A7173 /* CropperView.swift in Sources */,
				449581DD2664A6C8005FE507 /* CropData.swift in Sources */,
				449581DF2664F96B005FE507 /* TextProcessConfig.swift in Sources */,
				44720C4026611D05005BCFD9 /* FloatingPanel.swift in Sources */,
				44BBB00F263BD6E400A5FF50 /* RecognizedText.swift in Sources */,
			);
			runOnlyForDeploymentPostprocessing = 0;
		};
/* End PBXSourcesBuildPhase section */

/* Begin PBXVariantGroup section */
		4440EE4C262EDCA4007FF470 /* Main.storyboard */ = {
			isa = PBXVariantGroup;
			children = (
				4440EE4D262EDCA4007FF470 /* Base */,
			);
			name = Main.storyboard;
			sourceTree = "<group>";
		};
/* End PBXVariantGroup section */

/* Begin XCBuildConfiguration section */
		4440EE51262EDCA4007FF470 /* Debug */ = {
			isa = XCBuildConfiguration;
			buildSettings = {
				ALWAYS_SEARCH_USER_PATHS = NO;
				CLANG_ANALYZER_NONNULL = YES;
				CLANG_ANALYZER_NUMBER_OBJECT_CONVERSION = YES_AGGRESSIVE;
				CLANG_CXX_LANGUAGE_STANDARD = "gnu++14";
				CLANG_CXX_LIBRARY = "libc++";
				CLANG_ENABLE_MODULES = YES;
				CLANG_ENABLE_OBJC_ARC = YES;
				CLANG_ENABLE_OBJC_WEAK = YES;
				CLANG_WARN_BLOCK_CAPTURE_AUTORELEASING = YES;
				CLANG_WARN_BOOL_CONVERSION = YES;
				CLANG_WARN_COMMA = YES;
				CLANG_WARN_CONSTANT_CONVERSION = YES;
				CLANG_WARN_DEPRECATED_OBJC_IMPLEMENTATIONS = YES;
				CLANG_WARN_DIRECT_OBJC_ISA_USAGE = YES_ERROR;
				CLANG_WARN_DOCUMENTATION_COMMENTS = YES;
				CLANG_WARN_EMPTY_BODY = YES;
				CLANG_WARN_ENUM_CONVERSION = YES;
				CLANG_WARN_INFINITE_RECURSION = YES;
				CLANG_WARN_INT_CONVERSION = YES;
				CLANG_WARN_NON_LITERAL_NULL_CONVERSION = YES;
				CLANG_WARN_OBJC_IMPLICIT_RETAIN_SELF = YES;
				CLANG_WARN_OBJC_LITERAL_CONVERSION = YES;
				CLANG_WARN_OBJC_ROOT_CLASS = YES_ERROR;
				CLANG_WARN_QUOTED_INCLUDE_IN_FRAMEWORK_HEADER = YES;
				CLANG_WARN_RANGE_LOOP_ANALYSIS = YES;
				CLANG_WARN_STRICT_PROTOTYPES = YES;
				CLANG_WARN_SUSPICIOUS_MOVE = YES;
				CLANG_WARN_UNGUARDED_AVAILABILITY = YES_AGGRESSIVE;
				CLANG_WARN_UNREACHABLE_CODE = YES;
				CLANG_WARN__DUPLICATE_METHOD_MATCH = YES;
				COPY_PHASE_STRIP = NO;
				DEBUG_INFORMATION_FORMAT = dwarf;
				ENABLE_STRICT_OBJC_MSGSEND = YES;
				ENABLE_TESTABILITY = YES;
				GCC_C_LANGUAGE_STANDARD = gnu11;
				GCC_DYNAMIC_NO_PIC = NO;
				GCC_NO_COMMON_BLOCKS = YES;
				GCC_OPTIMIZATION_LEVEL = 0;
				GCC_PREPROCESSOR_DEFINITIONS = (
					"DEBUG=1",
					"$(inherited)",
				);
				GCC_WARN_64_TO_32_BIT_CONVERSION = YES;
				GCC_WARN_ABOUT_RETURN_TYPE = YES_ERROR;
				GCC_WARN_UNDECLARED_SELECTOR = YES;
				GCC_WARN_UNINITIALIZED_AUTOS = YES_AGGRESSIVE;
				GCC_WARN_UNUSED_FUNCTION = YES;
				GCC_WARN_UNUSED_VARIABLE = YES;
				MACOSX_DEPLOYMENT_TARGET = 11.1;
				MTL_ENABLE_DEBUG_INFO = INCLUDE_SOURCE;
				MTL_FAST_MATH = YES;
				ONLY_ACTIVE_ARCH = YES;
				SDKROOT = macosx;
				SWIFT_ACTIVE_COMPILATION_CONDITIONS = DEBUG;
				SWIFT_OPTIMIZATION_LEVEL = "-Onone";
			};
			name = Debug;
		};
		4440EE52262EDCA4007FF470 /* Release */ = {
			isa = XCBuildConfiguration;
			buildSettings = {
				ALWAYS_SEARCH_USER_PATHS = NO;
				CLANG_ANALYZER_NONNULL = YES;
				CLANG_ANALYZER_NUMBER_OBJECT_CONVERSION = YES_AGGRESSIVE;
				CLANG_CXX_LANGUAGE_STANDARD = "gnu++14";
				CLANG_CXX_LIBRARY = "libc++";
				CLANG_ENABLE_MODULES = YES;
				CLANG_ENABLE_OBJC_ARC = YES;
				CLANG_ENABLE_OBJC_WEAK = YES;
				CLANG_WARN_BLOCK_CAPTURE_AUTORELEASING = YES;
				CLANG_WARN_BOOL_CONVERSION = YES;
				CLANG_WARN_COMMA = YES;
				CLANG_WARN_CONSTANT_CONVERSION = YES;
				CLANG_WARN_DEPRECATED_OBJC_IMPLEMENTATIONS = YES;
				CLANG_WARN_DIRECT_OBJC_ISA_USAGE = YES_ERROR;
				CLANG_WARN_DOCUMENTATION_COMMENTS = YES;
				CLANG_WARN_EMPTY_BODY = YES;
				CLANG_WARN_ENUM_CONVERSION = YES;
				CLANG_WARN_INFINITE_RECURSION = YES;
				CLANG_WARN_INT_CONVERSION = YES;
				CLANG_WARN_NON_LITERAL_NULL_CONVERSION = YES;
				CLANG_WARN_OBJC_IMPLICIT_RETAIN_SELF = YES;
				CLANG_WARN_OBJC_LITERAL_CONVERSION = YES;
				CLANG_WARN_OBJC_ROOT_CLASS = YES_ERROR;
				CLANG_WARN_QUOTED_INCLUDE_IN_FRAMEWORK_HEADER = YES;
				CLANG_WARN_RANGE_LOOP_ANALYSIS = YES;
				CLANG_WARN_STRICT_PROTOTYPES = YES;
				CLANG_WARN_SUSPICIOUS_MOVE = YES;
				CLANG_WARN_UNGUARDED_AVAILABILITY = YES_AGGRESSIVE;
				CLANG_WARN_UNREACHABLE_CODE = YES;
				CLANG_WARN__DUPLICATE_METHOD_MATCH = YES;
				COPY_PHASE_STRIP = NO;
				DEBUG_INFORMATION_FORMAT = "dwarf-with-dsym";
				ENABLE_NS_ASSERTIONS = NO;
				ENABLE_STRICT_OBJC_MSGSEND = YES;
				GCC_C_LANGUAGE_STANDARD = gnu11;
				GCC_NO_COMMON_BLOCKS = YES;
				GCC_WARN_64_TO_32_BIT_CONVERSION = YES;
				GCC_WARN_ABOUT_RETURN_TYPE = YES_ERROR;
				GCC_WARN_UNDECLARED_SELECTOR = YES;
				GCC_WARN_UNINITIALIZED_AUTOS = YES_AGGRESSIVE;
				GCC_WARN_UNUSED_FUNCTION = YES;
				GCC_WARN_UNUSED_VARIABLE = YES;
				MACOSX_DEPLOYMENT_TARGET = 11.1;
				MTL_ENABLE_DEBUG_INFO = NO;
				MTL_FAST_MATH = YES;
				SDKROOT = macosx;
				SWIFT_COMPILATION_MODE = wholemodule;
				SWIFT_OPTIMIZATION_LEVEL = "-O";
			};
			name = Release;
		};
		4440EE54262EDCA4007FF470 /* Debug */ = {
			isa = XCBuildConfiguration;
			buildSettings = {
				ASSETCATALOG_COMPILER_APPICON_NAME = AppIcon;
				ASSETCATALOG_COMPILER_GLOBAL_ACCENT_COLOR_NAME = AccentColor;
				CODE_SIGN_ENTITLEMENTS = DictAssistantApp/DictAssistantApp.entitlements;
				CODE_SIGN_IDENTITY = "Apple Development";
				CODE_SIGN_STYLE = Automatic;
				COMBINE_HIDPI_IMAGES = YES;
				DEVELOPMENT_ASSET_PATHS = "\"DictAssistantApp/Preview Content\"";
				DEVELOPMENT_TEAM = T8LHNZ3EQU;
				ENABLE_HARDENED_RUNTIME = YES;
				ENABLE_PREVIEWS = YES;
				INFOPLIST_FILE = DictAssistantApp/Info.plist;
				LD_RUNPATH_SEARCH_PATHS = (
					"$(inherited)",
					"@executable_path/../Frameworks",
				);
				MACOSX_DEPLOYMENT_TARGET = 11.0;
				PRODUCT_BUNDLE_IDENTIFIER = com.gaozhanting.DictAssistantApp;
				PRODUCT_NAME = "$(TARGET_NAME)";
				SWIFT_VERSION = 5.0;
			};
			name = Debug;
		};
		4440EE55262EDCA4007FF470 /* Release */ = {
			isa = XCBuildConfiguration;
			buildSettings = {
				ASSETCATALOG_COMPILER_APPICON_NAME = AppIcon;
				ASSETCATALOG_COMPILER_GLOBAL_ACCENT_COLOR_NAME = AccentColor;
				CODE_SIGN_ENTITLEMENTS = DictAssistantApp/DictAssistantApp.entitlements;
				CODE_SIGN_IDENTITY = "Apple Development";
				CODE_SIGN_STYLE = Automatic;
				COMBINE_HIDPI_IMAGES = YES;
				DEVELOPMENT_ASSET_PATHS = "\"DictAssistantApp/Preview Content\"";
				DEVELOPMENT_TEAM = T8LHNZ3EQU;
				ENABLE_HARDENED_RUNTIME = YES;
				ENABLE_PREVIEWS = YES;
				INFOPLIST_FILE = DictAssistantApp/Info.plist;
				LD_RUNPATH_SEARCH_PATHS = (
					"$(inherited)",
					"@executable_path/../Frameworks",
				);
				MACOSX_DEPLOYMENT_TARGET = 11.0;
				PRODUCT_BUNDLE_IDENTIFIER = com.gaozhanting.DictAssistantApp;
				PRODUCT_NAME = "$(TARGET_NAME)";
				SWIFT_VERSION = 5.0;
			};
			name = Release;
		};
/* End XCBuildConfiguration section */

/* Begin XCConfigurationList section */
		4440EE3B262EDCA3007FF470 /* Build configuration list for PBXProject "DictAssistantApp" */ = {
			isa = XCConfigurationList;
			buildConfigurations = (
				4440EE51262EDCA4007FF470 /* Debug */,
				4440EE52262EDCA4007FF470 /* Release */,
			);
			defaultConfigurationIsVisible = 0;
			defaultConfigurationName = Release;
		};
		4440EE53262EDCA4007FF470 /* Build configuration list for PBXNativeTarget "DictAssistantApp" */ = {
			isa = XCConfigurationList;
			buildConfigurations = (
				4440EE54262EDCA4007FF470 /* Debug */,
				4440EE55262EDCA4007FF470 /* Release */,
			);
			defaultConfigurationIsVisible = 0;
			defaultConfigurationName = Release;
		};
/* End XCConfigurationList section */

/* Begin XCRemoteSwiftPackageReference section */
		447D0F7B26564415004A7173 /* XCRemoteSwiftPackageReference "KeyboardShortcuts" */ = {
			isa = XCRemoteSwiftPackageReference;
			repositoryURL = "https://github.com/sindresorhus/KeyboardShortcuts";
			requirement = {
				kind = upToNextMajorVersion;
				minimumVersion = 1.1.0;
			};
		};
/* End XCRemoteSwiftPackageReference section */

/* Begin XCSwiftPackageProductDependency section */
		447D0F7C26564415004A7173 /* KeyboardShortcuts */ = {
			isa = XCSwiftPackageProductDependency;
			package = 447D0F7B26564415004A7173 /* XCRemoteSwiftPackageReference "KeyboardShortcuts" */;
			productName = KeyboardShortcuts;
		};
		447D61A62643E5E400AB0C1A /* DataBases */ = {
			isa = XCSwiftPackageProductDependency;
			productName = DataBases;
		};
/* End XCSwiftPackageProductDependency section */

/* Begin XCVersionGroup section */
		447D0F7226550D02004A7173 /* WordStatistics.xcdatamodeld */ = {
			isa = XCVersionGroup;
			children = (
				447D0F7326550D02004A7173 /* Words.xcdatamodel */,
			);
			currentVersion = 447D0F7326550D02004A7173 /* Words.xcdatamodel */;
			path = WordStatistics.xcdatamodeld;
			sourceTree = "<group>";
			versionGroupType = wrapper.xcdatamodel;
		};
/* End XCVersionGroup section */
	};
	rootObject = 4440EE38262EDCA3007FF470 /* Project object */;
}
